// !$*UTF8*$!
{
	archiveVersion = 1;
	classes = {
	};
	objectVersion = 46;
	objects = {

/* Begin PBXBuildFile section */
		7300B8721307AE0300DB56D0 /* Keychain.m in Sources */ = {isa = PBXBuildFile; fileRef = 7300B8711307AE0300DB56D0 /* Keychain.m */; };
		7300B88B130875D900DB56D0 /* switch_toolbar.png in Resources */ = {isa = PBXBuildFile; fileRef = 7300B88A130875D900DB56D0 /* switch_toolbar.png */; };
		7300B88D130876E900DB56D0 /* Growl.framework in Frameworks */ = {isa = PBXBuildFile; fileRef = 7300B88C130876E900DB56D0 /* Growl.framework */; };
		7300B88F1308770100DB56D0 /* Growl.framework in Copy Frameworks */ = {isa = PBXBuildFile; fileRef = 7300B88C130876E900DB56D0 /* Growl.framework */; };
		730448B01307650B0044B510 /* AppDelegate+Actions.m in Sources */ = {isa = PBXBuildFile; fileRef = 730448AF1307650B0044B510 /* AppDelegate+Actions.m */; };
		730448B313076F0E0044B510 /* AGKeychain.m in Sources */ = {isa = PBXBuildFile; fileRef = 730448B213076F0E0044B510 /* AGKeychain.m */; };
		730448B513076F290044B510 /* Security.framework in Frameworks */ = {isa = PBXBuildFile; fileRef = 730448B413076F290044B510 /* Security.framework */; };
		730448B713076F340044B510 /* CoreFoundation.framework in Frameworks */ = {isa = PBXBuildFile; fileRef = 730448B613076F340044B510 /* CoreFoundation.framework */; };
		731A2B15130721260081A79E /* CLAPIDeserializer.m in Sources */ = {isa = PBXBuildFile; fileRef = 731A2ACE130721260081A79E /* CLAPIDeserializer.m */; };
		731A2B16130721260081A79E /* CLAPISerializer.m in Sources */ = {isa = PBXBuildFile; fileRef = 731A2AD0130721260081A79E /* CLAPISerializer.m */; };
		731A2B17130721260081A79E /* NSMutableURLRequest+NPPOSTBody.m in Sources */ = {isa = PBXBuildFile; fileRef = 731A2AD3130721260081A79E /* NSMutableURLRequest+NPPOSTBody.m */; };
		731A2B18130721260081A79E /* NSString+NPAdditions.m in Sources */ = {isa = PBXBuildFile; fileRef = 731A2AD5130721260081A79E /* NSString+NPAdditions.m */; };
		731A2B19130721260081A79E /* NSString+NPMimeType.m in Sources */ = {isa = PBXBuildFile; fileRef = 731A2AD7130721260081A79E /* NSString+NPMimeType.m */; };
		731A2B1A130721260081A79E /* CLAPIEngine.m in Sources */ = {isa = PBXBuildFile; fileRef = 731A2AD9130721260081A79E /* CLAPIEngine.m */; };
		731A2B1B130721260081A79E /* CLAPITransaction.m in Sources */ = {isa = PBXBuildFile; fileRef = 731A2ADD130721260081A79E /* CLAPITransaction.m */; };
		731A2B1C130721260081A79E /* CLAccount.m in Sources */ = {isa = PBXBuildFile; fileRef = 731A2AE0130721260081A79E /* CLAccount.m */; };
		731A2B1D130721260081A79E /* CLWebItem.m in Sources */ = {isa = PBXBuildFile; fileRef = 731A2AE2130721260081A79E /* CLWebItem.m */; };
		731A2B1E130721260081A79E /* nameprep.c in Sources */ = {isa = PBXBuildFile; fileRef = 731A2AE6130721260081A79E /* nameprep.c */; };
		731A2B1F130721260081A79E /* puny.c in Sources */ = {isa = PBXBuildFile; fileRef = 731A2AE8130721260081A79E /* puny.c */; };
		731A2B20130721260081A79E /* race.c in Sources */ = {isa = PBXBuildFile; fileRef = 731A2AEA130721260081A79E /* race.c */; };
		731A2B21130721260081A79E /* toxxx.c in Sources */ = {isa = PBXBuildFile; fileRef = 731A2AF9130721260081A79E /* toxxx.c */; };
		731A2B22130721260081A79E /* util.c in Sources */ = {isa = PBXBuildFile; fileRef = 731A2AFB130721260081A79E /* util.c */; };
		731A2B23130721260081A79E /* NSURL+IFUnicodeURL.m in Sources */ = {isa = PBXBuildFile; fileRef = 731A2B00130721260081A79E /* NSURL+IFUnicodeURL.m */; };
		731A2B24130721260081A79E /* CDataScanner.m in Sources */ = {isa = PBXBuildFile; fileRef = 731A2B03130721260081A79E /* CDataScanner.m */; };
		731A2B25130721260081A79E /* CDataScanner_Extensions.m in Sources */ = {isa = PBXBuildFile; fileRef = 731A2B06130721260081A79E /* CDataScanner_Extensions.m */; };
		731A2B26130721260081A79E /* NSCharacterSet_Extensions.m in Sources */ = {isa = PBXBuildFile; fileRef = 731A2B08130721260081A79E /* NSCharacterSet_Extensions.m */; };
		731A2B27130721260081A79E /* NSDictionary_JSONExtensions.m in Sources */ = {isa = PBXBuildFile; fileRef = 731A2B0A130721260081A79E /* NSDictionary_JSONExtensions.m */; };
		731A2B28130721260081A79E /* NSScanner_Extensions.m in Sources */ = {isa = PBXBuildFile; fileRef = 731A2B0C130721260081A79E /* NSScanner_Extensions.m */; };
		731A2B29130721260081A79E /* CJSONDeserializer.m in Sources */ = {isa = PBXBuildFile; fileRef = 731A2B0F130721260081A79E /* CJSONDeserializer.m */; };
		731A2B2A130721260081A79E /* CJSONScanner.m in Sources */ = {isa = PBXBuildFile; fileRef = 731A2B11130721260081A79E /* CJSONScanner.m */; };
		731A2B2B130721260081A79E /* CJSONSerializer.m in Sources */ = {isa = PBXBuildFile; fileRef = 731A2B13130721260081A79E /* CJSONSerializer.m */; };
		731A2B2E130721490081A79E /* AppDelegate+CloudApp.m in Sources */ = {isa = PBXBuildFile; fileRef = 731A2B2D130721490081A79E /* AppDelegate+CloudApp.m */; };
		731A2B31130721A50081A79E /* PassMouseViews.m in Sources */ = {isa = PBXBuildFile; fileRef = 731A2B30130721A50081A79E /* PassMouseViews.m */; };
		73284B1713054B4D0083654A /* AppDelegate+Screenshot.m in Sources */ = {isa = PBXBuildFile; fileRef = 73284B1613054B4D0083654A /* AppDelegate+Screenshot.m */; };
		733E73E113075FBF002957D6 /* AppDelegate+Dribbble.m in Sources */ = {isa = PBXBuildFile; fileRef = 733E73E013075FBF002957D6 /* AppDelegate+Dribbble.m */; };
		733E73EA13076091002957D6 /* PreferencesController.m in Sources */ = {isa = PBXBuildFile; fileRef = 733E73E913076091002957D6 /* PreferencesController.m */; };
		733E73ED1307609F002957D6 /* DBPrefsWindowController.m in Sources */ = {isa = PBXBuildFile; fileRef = 733E73EC1307609F002957D6 /* DBPrefsWindowController.m */; };
		733E73EF130760B4002957D6 /* Preferences.xib in Resources */ = {isa = PBXBuildFile; fileRef = 733E73EE130760B4002957D6 /* Preferences.xib */; };
		733E73F2130760FE002957D6 /* cloud_toolbar.png in Resources */ = {isa = PBXBuildFile; fileRef = 733E73F0130760FE002957D6 /* cloud_toolbar.png */; };
		733E73F3130760FE002957D6 /* dribbble_toolbar.png in Resources */ = {isa = PBXBuildFile; fileRef = 733E73F1130760FE002957D6 /* dribbble_toolbar.png */; };
		739DC8D9130537D300F12692 /* frame.png in Resources */ = {isa = PBXBuildFile; fileRef = 739DC8D7130537D300F12692 /* frame.png */; };
		73D57C2A13052E3600440072 /* Cocoa.framework in Frameworks */ = {isa = PBXBuildFile; fileRef = 73D57C2913052E3600440072 /* Cocoa.framework */; };
		73D57C3413052E3600440072 /* InfoPlist.strings in Resources */ = {isa = PBXBuildFile; fileRef = 73D57C3213052E3600440072 /* InfoPlist.strings */; };
		73D57C3713052E3600440072 /* main.m in Sources */ = {isa = PBXBuildFile; fileRef = 73D57C3613052E3600440072 /* main.m */; };
		73D57C3A13052E3600440072 /* Credits.rtf in Resources */ = {isa = PBXBuildFile; fileRef = 73D57C3813052E3600440072 /* Credits.rtf */; };
		73D57C3D13052E3600440072 /* AppDelegate.m in Sources */ = {isa = PBXBuildFile; fileRef = 73D57C3C13052E3600440072 /* AppDelegate.m */; };
		73D57C4013052E3600440072 /* MainMenu.xib in Resources */ = {isa = PBXBuildFile; fileRef = 73D57C3E13052E3600440072 /* MainMenu.xib */; };
		73F8D9141305E35500C0E2F7 /* cloud_button.png in Resources */ = {isa = PBXBuildFile; fileRef = 73F8D9131305E35500C0E2F7 /* cloud_button.png */; };
/* End PBXBuildFile section */

/* Begin PBXCopyFilesBuildPhase section */
		7300B88E130876F400DB56D0 /* Copy Frameworks */ = {
			isa = PBXCopyFilesBuildPhase;
			buildActionMask = 2147483647;
			dstPath = "";
			dstSubfolderSpec = 10;
			files = (
				7300B88F1308770100DB56D0 /* Growl.framework in Copy Frameworks */,
			);
			name = "Copy Frameworks";
			runOnlyForDeploymentPostprocessing = 0;
		};
/* End PBXCopyFilesBuildPhase section */

/* Begin PBXFileReference section */
		7300B8701307AE0300DB56D0 /* Keychain.h */ = {isa = PBXFileReference; fileEncoding = 4; lastKnownFileType = sourcecode.c.h; name = Keychain.h; path = "../../../../Dev/Projects/Coaches Loupe/Source/Keychain.h"; sourceTree = "<group>"; };
		7300B8711307AE0300DB56D0 /* Keychain.m */ = {isa = PBXFileReference; fileEncoding = 4; lastKnownFileType = sourcecode.c.objc; name = Keychain.m; path = "../../../../Dev/Projects/Coaches Loupe/Source/Keychain.m"; sourceTree = "<group>"; };
		7300B88A130875D900DB56D0 /* switch_toolbar.png */ = {isa = PBXFileReference; lastKnownFileType = image.png; path = switch_toolbar.png; sourceTree = "<group>"; };
		7300B88C130876E900DB56D0 /* Growl.framework */ = {isa = PBXFileReference; lastKnownFileType = wrapper.framework; name = Growl.framework; path = "../../../Dev/Projects/Coaches Loupe/Frameworks/Growl.framework"; sourceTree = "<group>"; };
		730448AF1307650B0044B510 /* AppDelegate+Actions.m */ = {isa = PBXFileReference; fileEncoding = 4; lastKnownFileType = sourcecode.c.objc; name = "AppDelegate+Actions.m"; path = "../../../../Dev/Projects/Coaches Loupe/Source/AppDelegate+Actions.m"; sourceTree = "<group>"; };
		730448B113076F0E0044B510 /* AGKeychain.h */ = {isa = PBXFileReference; fileEncoding = 4; lastKnownFileType = sourcecode.c.h; path = AGKeychain.h; sourceTree = "<group>"; };
		730448B213076F0E0044B510 /* AGKeychain.m */ = {isa = PBXFileReference; fileEncoding = 4; lastKnownFileType = sourcecode.c.objc; path = AGKeychain.m; sourceTree = "<group>"; };
		730448B413076F290044B510 /* Security.framework */ = {isa = PBXFileReference; lastKnownFileType = wrapper.framework; name = Security.framework; path = System/Library/Frameworks/Security.framework; sourceTree = SDKROOT; };
		730448B613076F340044B510 /* CoreFoundation.framework */ = {isa = PBXFileReference; lastKnownFileType = wrapper.framework; name = CoreFoundation.framework; path = System/Library/Frameworks/CoreFoundation.framework; sourceTree = SDKROOT; };
		731A2ACD130721260081A79E /* CLAPIDeserializer.h */ = {isa = PBXFileReference; fileEncoding = 4; lastKnownFileType = sourcecode.c.h; path = CLAPIDeserializer.h; sourceTree = "<group>"; };
		731A2ACE130721260081A79E /* CLAPIDeserializer.m */ = {isa = PBXFileReference; fileEncoding = 4; lastKnownFileType = sourcecode.c.objc; path = CLAPIDeserializer.m; sourceTree = "<group>"; };
		731A2ACF130721260081A79E /* CLAPISerializer.h */ = {isa = PBXFileReference; fileEncoding = 4; lastKnownFileType = sourcecode.c.h; path = CLAPISerializer.h; sourceTree = "<group>"; };
		731A2AD0130721260081A79E /* CLAPISerializer.m */ = {isa = PBXFileReference; fileEncoding = 4; lastKnownFileType = sourcecode.c.objc; path = CLAPISerializer.m; sourceTree = "<group>"; };
		731A2AD2130721260081A79E /* NSMutableURLRequest+NPPOSTBody.h */ = {isa = PBXFileReference; fileEncoding = 4; lastKnownFileType = sourcecode.c.h; path = "NSMutableURLRequest+NPPOSTBody.h"; sourceTree = "<group>"; };
		731A2AD3130721260081A79E /* NSMutableURLRequest+NPPOSTBody.m */ = {isa = PBXFileReference; fileEncoding = 4; lastKnownFileType = sourcecode.c.objc; path = "NSMutableURLRequest+NPPOSTBody.m"; sourceTree = "<group>"; };
		731A2AD4130721260081A79E /* NSString+NPAdditions.h */ = {isa = PBXFileReference; fileEncoding = 4; lastKnownFileType = sourcecode.c.h; path = "NSString+NPAdditions.h"; sourceTree = "<group>"; };
		731A2AD5130721260081A79E /* NSString+NPAdditions.m */ = {isa = PBXFileReference; fileEncoding = 4; lastKnownFileType = sourcecode.c.objc; path = "NSString+NPAdditions.m"; sourceTree = "<group>"; };
		731A2AD6130721260081A79E /* NSString+NPMimeType.h */ = {isa = PBXFileReference; fileEncoding = 4; lastKnownFileType = sourcecode.c.h; path = "NSString+NPMimeType.h"; sourceTree = "<group>"; };
		731A2AD7130721260081A79E /* NSString+NPMimeType.m */ = {isa = PBXFileReference; fileEncoding = 4; lastKnownFileType = sourcecode.c.objc; path = "NSString+NPMimeType.m"; sourceTree = "<group>"; };
		731A2AD8130721260081A79E /* CLAPIEngine.h */ = {isa = PBXFileReference; fileEncoding = 4; lastKnownFileType = sourcecode.c.h; path = CLAPIEngine.h; sourceTree = "<group>"; };
		731A2AD9130721260081A79E /* CLAPIEngine.m */ = {isa = PBXFileReference; fileEncoding = 4; lastKnownFileType = sourcecode.c.objc; path = CLAPIEngine.m; sourceTree = "<group>"; };
		731A2ADA130721260081A79E /* CLAPIEngineConstants.h */ = {isa = PBXFileReference; fileEncoding = 4; lastKnownFileType = sourcecode.c.h; path = CLAPIEngineConstants.h; sourceTree = "<group>"; };
		731A2ADB130721260081A79E /* CLAPIEngineDelegate.h */ = {isa = PBXFileReference; fileEncoding = 4; lastKnownFileType = sourcecode.c.h; path = CLAPIEngineDelegate.h; sourceTree = "<group>"; };
		731A2ADC130721260081A79E /* CLAPITransaction.h */ = {isa = PBXFileReference; fileEncoding = 4; lastKnownFileType = sourcecode.c.h; path = CLAPITransaction.h; sourceTree = "<group>"; };
		731A2ADD130721260081A79E /* CLAPITransaction.m */ = {isa = PBXFileReference; fileEncoding = 4; lastKnownFileType = sourcecode.c.objc; path = CLAPITransaction.m; sourceTree = "<group>"; };
		731A2ADF130721260081A79E /* CLAccount.h */ = {isa = PBXFileReference; fileEncoding = 4; lastKnownFileType = sourcecode.c.h; path = CLAccount.h; sourceTree = "<group>"; };
		731A2AE0130721260081A79E /* CLAccount.m */ = {isa = PBXFileReference; fileEncoding = 4; lastKnownFileType = sourcecode.c.objc; path = CLAccount.m; sourceTree = "<group>"; };
		731A2AE1130721260081A79E /* CLWebItem.h */ = {isa = PBXFileReference; fileEncoding = 4; lastKnownFileType = sourcecode.c.h; path = CLWebItem.h; sourceTree = "<group>"; };
		731A2AE2130721260081A79E /* CLWebItem.m */ = {isa = PBXFileReference; fileEncoding = 4; lastKnownFileType = sourcecode.c.objc; path = CLWebItem.m; sourceTree = "<group>"; };
		731A2AE5130721260081A79E /* adapter.h */ = {isa = PBXFileReference; fileEncoding = 4; lastKnownFileType = sourcecode.c.h; path = adapter.h; sourceTree = "<group>"; };
		731A2AE6130721260081A79E /* nameprep.c */ = {isa = PBXFileReference; fileEncoding = 4; lastKnownFileType = sourcecode.c.c; path = nameprep.c; sourceTree = "<group>"; };
		731A2AE7130721260081A79E /* nameprep.h */ = {isa = PBXFileReference; fileEncoding = 4; lastKnownFileType = sourcecode.c.h; path = nameprep.h; sourceTree = "<group>"; };
		731A2AE8130721260081A79E /* puny.c */ = {isa = PBXFileReference; fileEncoding = 4; lastKnownFileType = sourcecode.c.c; path = puny.c; sourceTree = "<group>"; };
		731A2AE9130721260081A79E /* puny.h */ = {isa = PBXFileReference; fileEncoding = 4; lastKnownFileType = sourcecode.c.h; path = puny.h; sourceTree = "<group>"; };
		731A2AEA130721260081A79E /* race.c */ = {isa = PBXFileReference; fileEncoding = 4; lastKnownFileType = sourcecode.c.c; path = race.c; sourceTree = "<group>"; };
		731A2AEB130721260081A79E /* race.h */ = {isa = PBXFileReference; fileEncoding = 4; lastKnownFileType = sourcecode.c.h; path = race.h; sourceTree = "<group>"; };
		731A2AED130721260081A79E /* nameprep_bidi_lcat.h */ = {isa = PBXFileReference; fileEncoding = 4; lastKnownFileType = sourcecode.c.h; path = nameprep_bidi_lcat.h; sourceTree = "<group>"; };
		731A2AEE130721260081A79E /* nameprep_bidi_randalcat.h */ = {isa = PBXFileReference; fileEncoding = 4; lastKnownFileType = sourcecode.c.h; path = nameprep_bidi_randalcat.h; sourceTree = "<group>"; };
		731A2AEF130721260081A79E /* nameprep_charmap.h */ = {isa = PBXFileReference; fileEncoding = 4; lastKnownFileType = sourcecode.c.h; path = nameprep_charmap.h; sourceTree = "<group>"; };
		731A2AF0130721260081A79E /* nameprep_compatible.h */ = {isa = PBXFileReference; fileEncoding = 4; lastKnownFileType = sourcecode.c.h; path = nameprep_compatible.h; sourceTree = "<group>"; };
		731A2AF1130721260081A79E /* nameprep_compose.h */ = {isa = PBXFileReference; fileEncoding = 4; lastKnownFileType = sourcecode.c.h; path = nameprep_compose.h; sourceTree = "<group>"; };
		731A2AF2130721260081A79E /* nameprep_cononical.h */ = {isa = PBXFileReference; fileEncoding = 4; lastKnownFileType = sourcecode.c.h; path = nameprep_cononical.h; sourceTree = "<group>"; };
		731A2AF3130721260081A79E /* nameprep_data.h */ = {isa = PBXFileReference; fileEncoding = 4; lastKnownFileType = sourcecode.c.h; path = nameprep_data.h; sourceTree = "<group>"; };
		731A2AF4130721260081A79E /* nameprep_datastructures.h */ = {isa = PBXFileReference; fileEncoding = 4; lastKnownFileType = sourcecode.c.h; path = nameprep_datastructures.h; sourceTree = "<group>"; };
		731A2AF5130721260081A79E /* nameprep_decompose.h */ = {isa = PBXFileReference; fileEncoding = 4; lastKnownFileType = sourcecode.c.h; path = nameprep_decompose.h; sourceTree = "<group>"; };
		731A2AF6130721260081A79E /* nameprep_lookups.h */ = {isa = PBXFileReference; fileEncoding = 4; lastKnownFileType = sourcecode.c.h; path = nameprep_lookups.h; sourceTree = "<group>"; };
		731A2AF7130721260081A79E /* nameprep_prohibit.h */ = {isa = PBXFileReference; fileEncoding = 4; lastKnownFileType = sourcecode.c.h; path = nameprep_prohibit.h; sourceTree = "<group>"; };
		731A2AF8130721260081A79E /* nameprep_prohibit_allowunassigned.h */ = {isa = PBXFileReference; fileEncoding = 4; lastKnownFileType = sourcecode.c.h; path = nameprep_prohibit_allowunassigned.h; sourceTree = "<group>"; };
		731A2AF9130721260081A79E /* toxxx.c */ = {isa = PBXFileReference; fileEncoding = 4; lastKnownFileType = sourcecode.c.c; path = toxxx.c; sourceTree = "<group>"; };
		731A2AFA130721260081A79E /* toxxx.h */ = {isa = PBXFileReference; fileEncoding = 4; lastKnownFileType = sourcecode.c.h; path = toxxx.h; sourceTree = "<group>"; };
		731A2AFB130721260081A79E /* util.c */ = {isa = PBXFileReference; fileEncoding = 4; lastKnownFileType = sourcecode.c.c; path = util.c; sourceTree = "<group>"; };
		731A2AFC130721260081A79E /* util.h */ = {isa = PBXFileReference; fileEncoding = 4; lastKnownFileType = sourcecode.c.h; path = util.h; sourceTree = "<group>"; };
		731A2AFD130721260081A79E /* xcode.h */ = {isa = PBXFileReference; fileEncoding = 4; lastKnownFileType = sourcecode.c.h; path = xcode.h; sourceTree = "<group>"; };
		731A2AFE130721260081A79E /* xcode_config.h */ = {isa = PBXFileReference; fileEncoding = 4; lastKnownFileType = sourcecode.c.h; path = xcode_config.h; sourceTree = "<group>"; };
		731A2AFF130721260081A79E /* NSURL+IFUnicodeURL.h */ = {isa = PBXFileReference; fileEncoding = 4; lastKnownFileType = sourcecode.c.h; path = "NSURL+IFUnicodeURL.h"; sourceTree = "<group>"; };
		731A2B00130721260081A79E /* NSURL+IFUnicodeURL.m */ = {isa = PBXFileReference; fileEncoding = 4; lastKnownFileType = sourcecode.c.objc; path = "NSURL+IFUnicodeURL.m"; sourceTree = "<group>"; };
		731A2B02130721260081A79E /* CDataScanner.h */ = {isa = PBXFileReference; fileEncoding = 4; lastKnownFileType = sourcecode.c.h; path = CDataScanner.h; sourceTree = "<group>"; };
		731A2B03130721260081A79E /* CDataScanner.m */ = {isa = PBXFileReference; fileEncoding = 4; lastKnownFileType = sourcecode.c.objc; path = CDataScanner.m; sourceTree = "<group>"; };
		731A2B05130721260081A79E /* CDataScanner_Extensions.h */ = {isa = PBXFileReference; fileEncoding = 4; lastKnownFileType = sourcecode.c.h; path = CDataScanner_Extensions.h; sourceTree = "<group>"; };
		731A2B06130721260081A79E /* CDataScanner_Extensions.m */ = {isa = PBXFileReference; fileEncoding = 4; lastKnownFileType = sourcecode.c.objc; path = CDataScanner_Extensions.m; sourceTree = "<group>"; };
		731A2B07130721260081A79E /* NSCharacterSet_Extensions.h */ = {isa = PBXFileReference; fileEncoding = 4; lastKnownFileType = sourcecode.c.h; path = NSCharacterSet_Extensions.h; sourceTree = "<group>"; };
		731A2B08130721260081A79E /* NSCharacterSet_Extensions.m */ = {isa = PBXFileReference; fileEncoding = 4; lastKnownFileType = sourcecode.c.objc; path = NSCharacterSet_Extensions.m; sourceTree = "<group>"; };
		731A2B09130721260081A79E /* NSDictionary_JSONExtensions.h */ = {isa = PBXFileReference; fileEncoding = 4; lastKnownFileType = sourcecode.c.h; path = NSDictionary_JSONExtensions.h; sourceTree = "<group>"; };
		731A2B0A130721260081A79E /* NSDictionary_JSONExtensions.m */ = {isa = PBXFileReference; fileEncoding = 4; lastKnownFileType = sourcecode.c.objc; path = NSDictionary_JSONExtensions.m; sourceTree = "<group>"; };
		731A2B0B130721260081A79E /* NSScanner_Extensions.h */ = {isa = PBXFileReference; fileEncoding = 4; lastKnownFileType = sourcecode.c.h; path = NSScanner_Extensions.h; sourceTree = "<group>"; };
		731A2B0C130721260081A79E /* NSScanner_Extensions.m */ = {isa = PBXFileReference; fileEncoding = 4; lastKnownFileType = sourcecode.c.objc; path = NSScanner_Extensions.m; sourceTree = "<group>"; };
		731A2B0E130721260081A79E /* CJSONDeserializer.h */ = {isa = PBXFileReference; fileEncoding = 4; lastKnownFileType = sourcecode.c.h; path = CJSONDeserializer.h; sourceTree = "<group>"; };
		731A2B0F130721260081A79E /* CJSONDeserializer.m */ = {isa = PBXFileReference; fileEncoding = 4; lastKnownFileType = sourcecode.c.objc; path = CJSONDeserializer.m; sourceTree = "<group>"; };
		731A2B10130721260081A79E /* CJSONScanner.h */ = {isa = PBXFileReference; fileEncoding = 4; lastKnownFileType = sourcecode.c.h; path = CJSONScanner.h; sourceTree = "<group>"; };
		731A2B11130721260081A79E /* CJSONScanner.m */ = {isa = PBXFileReference; fileEncoding = 4; lastKnownFileType = sourcecode.c.objc; path = CJSONScanner.m; sourceTree = "<group>"; };
		731A2B12130721260081A79E /* CJSONSerializer.h */ = {isa = PBXFileReference; fileEncoding = 4; lastKnownFileType = sourcecode.c.h; path = CJSONSerializer.h; sourceTree = "<group>"; };
		731A2B13130721260081A79E /* CJSONSerializer.m */ = {isa = PBXFileReference; fileEncoding = 4; lastKnownFileType = sourcecode.c.objc; path = CJSONSerializer.m; sourceTree = "<group>"; };
		731A2B14130721260081A79E /* JSONRepresentation.h */ = {isa = PBXFileReference; fileEncoding = 4; lastKnownFileType = sourcecode.c.h; path = JSONRepresentation.h; sourceTree = "<group>"; };
		731A2B2D130721490081A79E /* AppDelegate+CloudApp.m */ = {isa = PBXFileReference; fileEncoding = 4; lastKnownFileType = sourcecode.c.objc; name = "AppDelegate+CloudApp.m"; path = "../../../../Dev/Projects/Coaches Loupe/Source/AppDelegate+CloudApp.m"; sourceTree = "<group>"; };
		731A2B2F130721A50081A79E /* PassMouseViews.h */ = {isa = PBXFileReference; fileEncoding = 4; lastKnownFileType = sourcecode.c.h; name = PassMouseViews.h; path = "../../../../Dev/Projects/Coaches Loupe/Source/PassMouseViews.h"; sourceTree = "<group>"; };
		731A2B30130721A50081A79E /* PassMouseViews.m */ = {isa = PBXFileReference; fileEncoding = 4; lastKnownFileType = sourcecode.c.objc; name = PassMouseViews.m; path = "../../../../Dev/Projects/Coaches Loupe/Source/PassMouseViews.m"; sourceTree = "<group>"; };
		73284B1613054B4D0083654A /* AppDelegate+Screenshot.m */ = {isa = PBXFileReference; fileEncoding = 4; lastKnownFileType = sourcecode.c.objc; path = "AppDelegate+Screenshot.m"; sourceTree = "<group>"; };
		733E73E013075FBF002957D6 /* AppDelegate+Dribbble.m */ = {isa = PBXFileReference; fileEncoding = 4; lastKnownFileType = sourcecode.c.objc; name = "AppDelegate+Dribbble.m"; path = "../../../../Dev/Projects/Coaches Loupe/Source/AppDelegate+Dribbble.m"; sourceTree = "<group>"; };
		733E73E813076091002957D6 /* PreferencesController.h */ = {isa = PBXFileReference; fileEncoding = 4; lastKnownFileType = sourcecode.c.h; path = PreferencesController.h; sourceTree = "<group>"; };
		733E73E913076091002957D6 /* PreferencesController.m */ = {isa = PBXFileReference; fileEncoding = 4; lastKnownFileType = sourcecode.c.objc; path = PreferencesController.m; sourceTree = "<group>"; };
		733E73EB1307609F002957D6 /* DBPrefsWindowController.h */ = {isa = PBXFileReference; fileEncoding = 4; lastKnownFileType = sourcecode.c.h; path = DBPrefsWindowController.h; sourceTree = "<group>"; };
		733E73EC1307609F002957D6 /* DBPrefsWindowController.m */ = {isa = PBXFileReference; fileEncoding = 4; lastKnownFileType = sourcecode.c.objc; path = DBPrefsWindowController.m; sourceTree = "<group>"; };
		733E73EE130760B4002957D6 /* Preferences.xib */ = {isa = PBXFileReference; fileEncoding = 4; lastKnownFileType = file.xib; name = Preferences.xib; path = "../../../Dev/Projects/Coaches Loupe/en.lproj/Preferences.xib"; sourceTree = "<group>"; };
		733E73F0130760FE002957D6 /* cloud_toolbar.png */ = {isa = PBXFileReference; lastKnownFileType = image.png; name = cloud_toolbar.png; path = "../../../../Dev/Projects/Coaches Loupe/Images/cloud_toolbar.png"; sourceTree = "<group>"; };
		733E73F1130760FE002957D6 /* dribbble_toolbar.png */ = {isa = PBXFileReference; lastKnownFileType = image.png; name = dribbble_toolbar.png; path = "../../../../Dev/Projects/Coaches Loupe/Images/dribbble_toolbar.png"; sourceTree = "<group>"; };
		739DC8D7130537D300F12692 /* frame.png */ = {isa = PBXFileReference; lastKnownFileType = image.png; path = frame.png; sourceTree = "<group>"; };
		73D57C2513052E3600440072 /* Coaches Loupe.app */ = {isa = PBXFileReference; explicitFileType = wrapper.application; includeInIndex = 0; path = "Coaches Loupe.app"; sourceTree = BUILT_PRODUCTS_DIR; };
		73D57C2913052E3600440072 /* Cocoa.framework */ = {isa = PBXFileReference; lastKnownFileType = wrapper.framework; name = Cocoa.framework; path = System/Library/Frameworks/Cocoa.framework; sourceTree = SDKROOT; };
		73D57C2C13052E3600440072 /* AppKit.framework */ = {isa = PBXFileReference; lastKnownFileType = wrapper.framework; name = AppKit.framework; path = System/Library/Frameworks/AppKit.framework; sourceTree = SDKROOT; };
		73D57C2D13052E3600440072 /* CoreData.framework */ = {isa = PBXFileReference; lastKnownFileType = wrapper.framework; name = CoreData.framework; path = System/Library/Frameworks/CoreData.framework; sourceTree = SDKROOT; };
		73D57C2E13052E3600440072 /* Foundation.framework */ = {isa = PBXFileReference; lastKnownFileType = wrapper.framework; name = Foundation.framework; path = System/Library/Frameworks/Foundation.framework; sourceTree = SDKROOT; };
		73D57C3113052E3600440072 /* Info.plist */ = {isa = PBXFileReference; lastKnownFileType = text.plist; path = Info.plist; sourceTree = "<group>"; };
		73D57C3313052E3600440072 /* en */ = {isa = PBXFileReference; lastKnownFileType = text.plist.strings; name = en; path = en.lproj/InfoPlist.strings; sourceTree = "<group>"; };
		73D57C3513052E3600440072 /* Prefix.pch */ = {isa = PBXFileReference; lastKnownFileType = sourcecode.c.h; name = Prefix.pch; path = Source/Prefix.pch; sourceTree = "<group>"; };
		73D57C3613052E3600440072 /* main.m */ = {isa = PBXFileReference; lastKnownFileType = sourcecode.c.objc; path = main.m; sourceTree = "<group>"; };
		73D57C3913052E3600440072 /* en */ = {isa = PBXFileReference; lastKnownFileType = text.rtf; name = en; path = en.lproj/Credits.rtf; sourceTree = "<group>"; };
		73D57C3B13052E3600440072 /* AppDelegate.h */ = {isa = PBXFileReference; lastKnownFileType = sourcecode.c.h; path = AppDelegate.h; sourceTree = "<group>"; };
		73D57C3C13052E3600440072 /* AppDelegate.m */ = {isa = PBXFileReference; lastKnownFileType = sourcecode.c.objc; path = AppDelegate.m; sourceTree = "<group>"; };
		73D57C3F13052E3600440072 /* en */ = {isa = PBXFileReference; lastKnownFileType = file.xib; name = en; path = en.lproj/MainMenu.xib; sourceTree = "<group>"; };
		73F8D9131305E35500C0E2F7 /* cloud_button.png */ = {isa = PBXFileReference; lastKnownFileType = image.png; name = cloud_button.png; path = "../../../../Dev/Projects/Coaches Loupe/Images/cloud_button.png"; sourceTree = "<group>"; };
/* End PBXFileReference section */

/* Begin PBXFrameworksBuildPhase section */
		73D57C2213052E3600440072 /* Frameworks */ = {
			isa = PBXFrameworksBuildPhase;
			buildActionMask = 2147483647;
			files = (
				73D57C2A13052E3600440072 /* Cocoa.framework in Frameworks */,
				730448B513076F290044B510 /* Security.framework in Frameworks */,
				730448B713076F340044B510 /* CoreFoundation.framework in Frameworks */,
				7300B88D130876E900DB56D0 /* Growl.framework in Frameworks */,
			);
			runOnlyForDeploymentPostprocessing = 0;
		};
/* End PBXFrameworksBuildPhase section */

/* Begin PBXGroup section */
		731A2ACA130721160081A79E /* Library */ = {
			isa = PBXGroup;
			children = (
				730448B113076F0E0044B510 /* AGKeychain.h */,
				730448B213076F0E0044B510 /* AGKeychain.m */,
				733E73EB1307609F002957D6 /* DBPrefsWindowController.h */,
				733E73EC1307609F002957D6 /* DBPrefsWindowController.m */,
				731A2ACB130721260081A79E /* CloudApp */,
				731A2AE3130721260081A79E /* IFUnicodeURL */,
				731A2B01130721260081A79E /* TouchJSON */,
			);
			name = Library;
			sourceTree = "<group>";
		};
		731A2ACB130721260081A79E /* CloudApp */ = {
			isa = PBXGroup;
			children = (
				731A2ACC130721260081A79E /* API Parsing */,
				731A2AD1130721260081A79E /* Categories */,
				731A2AD8130721260081A79E /* CLAPIEngine.h */,
				731A2AD9130721260081A79E /* CLAPIEngine.m */,
				731A2ADA130721260081A79E /* CLAPIEngineConstants.h */,
				731A2ADB130721260081A79E /* CLAPIEngineDelegate.h */,
				731A2ADC130721260081A79E /* CLAPITransaction.h */,
				731A2ADD130721260081A79E /* CLAPITransaction.m */,
				731A2ADE130721260081A79E /* Model */,
			);
			name = CloudApp;
			path = "../../../../Dev/Projects/Coaches Loupe/Source/CloudApp";
			sourceTree = "<group>";
		};
		731A2ACC130721260081A79E /* API Parsing */ = {
			isa = PBXGroup;
			children = (
				731A2ACD130721260081A79E /* CLAPIDeserializer.h */,
				731A2ACE130721260081A79E /* CLAPIDeserializer.m */,
				731A2ACF130721260081A79E /* CLAPISerializer.h */,
				731A2AD0130721260081A79E /* CLAPISerializer.m */,
			);
			path = "API Parsing";
			sourceTree = "<group>";
		};
		731A2AD1130721260081A79E /* Categories */ = {
			isa = PBXGroup;
			children = (
				731A2AD2130721260081A79E /* NSMutableURLRequest+NPPOSTBody.h */,
				731A2AD3130721260081A79E /* NSMutableURLRequest+NPPOSTBody.m */,
				731A2AD4130721260081A79E /* NSString+NPAdditions.h */,
				731A2AD5130721260081A79E /* NSString+NPAdditions.m */,
				731A2AD6130721260081A79E /* NSString+NPMimeType.h */,
				731A2AD7130721260081A79E /* NSString+NPMimeType.m */,
			);
			path = Categories;
			sourceTree = "<group>";
		};
		731A2ADE130721260081A79E /* Model */ = {
			isa = PBXGroup;
			children = (
				731A2ADF130721260081A79E /* CLAccount.h */,
				731A2AE0130721260081A79E /* CLAccount.m */,
				731A2AE1130721260081A79E /* CLWebItem.h */,
				731A2AE2130721260081A79E /* CLWebItem.m */,
			);
			path = Model;
			sourceTree = "<group>";
		};
		731A2AE3130721260081A79E /* IFUnicodeURL */ = {
			isa = PBXGroup;
			children = (
				731A2AE4130721260081A79E /* IDNSDK */,
				731A2AFF130721260081A79E /* NSURL+IFUnicodeURL.h */,
				731A2B00130721260081A79E /* NSURL+IFUnicodeURL.m */,
			);
			name = IFUnicodeURL;
			path = "../../../../Dev/Projects/Coaches Loupe/Source/IFUnicodeURL";
			sourceTree = "<group>";
		};
		731A2AE4130721260081A79E /* IDNSDK */ = {
			isa = PBXGroup;
			children = (
				731A2AE5130721260081A79E /* adapter.h */,
				731A2AE6130721260081A79E /* nameprep.c */,
				731A2AE7130721260081A79E /* nameprep.h */,
				731A2AE8130721260081A79E /* puny.c */,
				731A2AE9130721260081A79E /* puny.h */,
				731A2AEA130721260081A79E /* race.c */,
				731A2AEB130721260081A79E /* race.h */,
				731A2AEC130721260081A79E /* staticdata */,
				731A2AF9130721260081A79E /* toxxx.c */,
				731A2AFA130721260081A79E /* toxxx.h */,
				731A2AFB130721260081A79E /* util.c */,
				731A2AFC130721260081A79E /* util.h */,
				731A2AFD130721260081A79E /* xcode.h */,
				731A2AFE130721260081A79E /* xcode_config.h */,
			);
			path = IDNSDK;
			sourceTree = "<group>";
		};
		731A2AEC130721260081A79E /* staticdata */ = {
			isa = PBXGroup;
			children = (
				731A2AED130721260081A79E /* nameprep_bidi_lcat.h */,
				731A2AEE130721260081A79E /* nameprep_bidi_randalcat.h */,
				731A2AEF130721260081A79E /* nameprep_charmap.h */,
				731A2AF0130721260081A79E /* nameprep_compatible.h */,
				731A2AF1130721260081A79E /* nameprep_compose.h */,
				731A2AF2130721260081A79E /* nameprep_cononical.h */,
				731A2AF3130721260081A79E /* nameprep_data.h */,
				731A2AF4130721260081A79E /* nameprep_datastructures.h */,
				731A2AF5130721260081A79E /* nameprep_decompose.h */,
				731A2AF6130721260081A79E /* nameprep_lookups.h */,
				731A2AF7130721260081A79E /* nameprep_prohibit.h */,
				731A2AF8130721260081A79E /* nameprep_prohibit_allowunassigned.h */,
			);
			path = staticdata;
			sourceTree = "<group>";
		};
		731A2B01130721260081A79E /* TouchJSON */ = {
			isa = PBXGroup;
			children = (
				731A2B02130721260081A79E /* CDataScanner.h */,
				731A2B03130721260081A79E /* CDataScanner.m */,
				731A2B04130721260081A79E /* Extensions */,
				731A2B0D130721260081A79E /* JSON */,
			);
			name = TouchJSON;
			path = "../../../../Dev/Projects/Coaches Loupe/Source/TouchJSON";
			sourceTree = "<group>";
		};
		731A2B04130721260081A79E /* Extensions */ = {
			isa = PBXGroup;
			children = (
				731A2B05130721260081A79E /* CDataScanner_Extensions.h */,
				731A2B06130721260081A79E /* CDataScanner_Extensions.m */,
				731A2B07130721260081A79E /* NSCharacterSet_Extensions.h */,
				731A2B08130721260081A79E /* NSCharacterSet_Extensions.m */,
				731A2B09130721260081A79E /* NSDictionary_JSONExtensions.h */,
				731A2B0A130721260081A79E /* NSDictionary_JSONExtensions.m */,
				731A2B0B130721260081A79E /* NSScanner_Extensions.h */,
				731A2B0C130721260081A79E /* NSScanner_Extensions.m */,
			);
			path = Extensions;
			sourceTree = "<group>";
		};
		731A2B0D130721260081A79E /* JSON */ = {
			isa = PBXGroup;
			children = (
				731A2B0E130721260081A79E /* CJSONDeserializer.h */,
				731A2B0F130721260081A79E /* CJSONDeserializer.m */,
				731A2B10130721260081A79E /* CJSONScanner.h */,
				731A2B11130721260081A79E /* CJSONScanner.m */,
				731A2B12130721260081A79E /* CJSONSerializer.h */,
				731A2B13130721260081A79E /* CJSONSerializer.m */,
				731A2B14130721260081A79E /* JSONRepresentation.h */,
			);
			path = JSON;
			sourceTree = "<group>";
		};
		739DC8CA13052FDA00F12692 /* Images */ = {
			isa = PBXGroup;
			children = (
				7300B88A130875D900DB56D0 /* switch_toolbar.png */,
				733E73F0130760FE002957D6 /* cloud_toolbar.png */,
				733E73F1130760FE002957D6 /* dribbble_toolbar.png */,
				73F8D9131305E35500C0E2F7 /* cloud_button.png */,
				739DC8D7130537D300F12692 /* frame.png */,
			);
			path = Images;
			sourceTree = "<group>";
		};
		73D57C1A13052E3600440072 = {
			isa = PBXGroup;
			children = (
				73D57C2F13052E3600440072 /* Source */,
				73D57C3013052E3600440072 /* Resources */,
				73D57C2813052E3600440072 /* Frameworks */,
				73D57C2613052E3600440072 /* Products */,
			);
			sourceTree = "<group>";
		};
		73D57C2613052E3600440072 /* Products */ = {
			isa = PBXGroup;
			children = (
				73D57C2513052E3600440072 /* Coaches Loupe.app */,
			);
			name = Products;
			sourceTree = "<group>";
		};
		73D57C2813052E3600440072 /* Frameworks */ = {
			isa = PBXGroup;
			children = (
				7300B88C130876E900DB56D0 /* Growl.framework */,
				730448B613076F340044B510 /* CoreFoundation.framework */,
				730448B413076F290044B510 /* Security.framework */,
				73D57C2C13052E3600440072 /* AppKit.framework */,
				73D57C2D13052E3600440072 /* CoreData.framework */,
				73D57C2E13052E3600440072 /* Foundation.framework */,
				73D57C2913052E3600440072 /* Cocoa.framework */,
			);
			name = Frameworks;
			sourceTree = "<group>";
		};
		73D57C2F13052E3600440072 /* Source */ = {
			isa = PBXGroup;
			children = (
				73D57C3B13052E3600440072 /* AppDelegate.h */,
				73D57C3C13052E3600440072 /* AppDelegate.m */,
				730448AF1307650B0044B510 /* AppDelegate+Actions.m */,
				73284B1613054B4D0083654A /* AppDelegate+Screenshot.m */,
				733E73E013075FBF002957D6 /* AppDelegate+Dribbble.m */,
				731A2B2D130721490081A79E /* AppDelegate+CloudApp.m */,
				7300B8701307AE0300DB56D0 /* Keychain.h */,
				7300B8711307AE0300DB56D0 /* Keychain.m */,
				731A2B2F130721A50081A79E /* PassMouseViews.h */,
				731A2B30130721A50081A79E /* PassMouseViews.m */,
				733E73E813076091002957D6 /* PreferencesController.h */,
				733E73E913076091002957D6 /* PreferencesController.m */,
				73D57C3613052E3600440072 /* main.m */,
				731A2ACA130721160081A79E /* Library */,
			);
			path = Source;
			sourceTree = "<group>";
		};
		73D57C3013052E3600440072 /* Resources */ = {
			isa = PBXGroup;
			children = (
				739DC8CA13052FDA00F12692 /* Images */,
				73D57C3E13052E3600440072 /* MainMenu.xib */,
				733E73EE130760B4002957D6 /* Preferences.xib */,
				73D57C3113052E3600440072 /* Info.plist */,
				73D57C3213052E3600440072 /* InfoPlist.strings */,
				73D57C3513052E3600440072 /* Prefix.pch */,
				73D57C3813052E3600440072 /* Credits.rtf */,
			);
			name = Resources;
			path = "../../../Dev/Projects/Coaches Loupe";
			sourceTree = "<group>";
		};
/* End PBXGroup section */

/* Begin PBXNativeTarget section */
		73D57C2413052E3600440072 /* Coaches Loupe */ = {
			isa = PBXNativeTarget;
			buildConfigurationList = 73D57C4313052E3600440072 /* Build configuration list for PBXNativeTarget "Coaches Loupe" */;
			buildPhases = (
				73D57C2113052E3600440072 /* Sources */,
				73D57C2213052E3600440072 /* Frameworks */,
				73D57C2313052E3600440072 /* Resources */,
				7300B88E130876F400DB56D0 /* Copy Frameworks */,
			);
			buildRules = (
			);
			dependencies = (
			);
			name = "Coaches Loupe";
			productName = "Coaches Loupe";
			productReference = 73D57C2513052E3600440072 /* Coaches Loupe.app */;
			productType = "com.apple.product-type.application";
		};
/* End PBXNativeTarget section */

/* Begin PBXProject section */
		73D57C1C13052E3600440072 /* Project object */ = {
			isa = PBXProject;
			attributes = {
				ORGANIZATIONNAME = "InScopeApps {+}";
			};
			buildConfigurationList = 73D57C1F13052E3600440072 /* Build configuration list for PBXProject "Coaches Loupe" */;
			compatibilityVersion = "Xcode 3.2";
			developmentRegion = English;
			hasScannedForEncodings = 0;
			knownRegions = (
				en,
			);
			mainGroup = 73D57C1A13052E3600440072;
			productRefGroup = 73D57C2613052E3600440072 /* Products */;
			projectDirPath = "";
			projectRoot = "";
			targets = (
				73D57C2413052E3600440072 /* Coaches Loupe */,
			);
		};
/* End PBXProject section */

/* Begin PBXResourcesBuildPhase section */
		73D57C2313052E3600440072 /* Resources */ = {
			isa = PBXResourcesBuildPhase;
			buildActionMask = 2147483647;
			files = (
				73D57C3413052E3600440072 /* InfoPlist.strings in Resources */,
				73D57C3A13052E3600440072 /* Credits.rtf in Resources */,
				73D57C4013052E3600440072 /* MainMenu.xib in Resources */,
				739DC8D9130537D300F12692 /* frame.png in Resources */,
				73F8D9141305E35500C0E2F7 /* cloud_button.png in Resources */,
				733E73EF130760B4002957D6 /* Preferences.xib in Resources */,
				733E73F2130760FE002957D6 /* cloud_toolbar.png in Resources */,
				733E73F3130760FE002957D6 /* dribbble_toolbar.png in Resources */,
				7300B88B130875D900DB56D0 /* switch_toolbar.png in Resources */,
			);
			runOnlyForDeploymentPostprocessing = 0;
		};
/* End PBXResourcesBuildPhase section */

/* Begin PBXSourcesBuildPhase section */
		73D57C2113052E3600440072 /* Sources */ = {
			isa = PBXSourcesBuildPhase;
			buildActionMask = 2147483647;
			files = (
				73D57C3713052E3600440072 /* main.m in Sources */,
				73D57C3D13052E3600440072 /* AppDelegate.m in Sources */,
				73284B1713054B4D0083654A /* AppDelegate+Screenshot.m in Sources */,
				731A2B15130721260081A79E /* CLAPIDeserializer.m in Sources */,
				731A2B16130721260081A79E /* CLAPISerializer.m in Sources */,
				731A2B17130721260081A79E /* NSMutableURLRequest+NPPOSTBody.m in Sources */,
				731A2B18130721260081A79E /* NSString+NPAdditions.m in Sources */,
				731A2B19130721260081A79E /* NSString+NPMimeType.m in Sources */,
				731A2B1A130721260081A79E /* CLAPIEngine.m in Sources */,
				731A2B1B130721260081A79E /* CLAPITransaction.m in Sources */,
				731A2B1C130721260081A79E /* CLAccount.m in Sources */,
				731A2B1D130721260081A79E /* CLWebItem.m in Sources */,
				731A2B1E130721260081A79E /* nameprep.c in Sources */,
				731A2B1F130721260081A79E /* puny.c in Sources */,
				731A2B20130721260081A79E /* race.c in Sources */,
				731A2B21130721260081A79E /* toxxx.c in Sources */,
				731A2B22130721260081A79E /* util.c in Sources */,
				731A2B23130721260081A79E /* NSURL+IFUnicodeURL.m in Sources */,
				731A2B24130721260081A79E /* CDataScanner.m in Sources */,
				731A2B25130721260081A79E /* CDataScanner_Extensions.m in Sources */,
				731A2B26130721260081A79E /* NSCharacterSet_Extensions.m in Sources */,
				731A2B27130721260081A79E /* NSDictionary_JSONExtensions.m in Sources */,
				731A2B28130721260081A79E /* NSScanner_Extensions.m in Sources */,
				731A2B29130721260081A79E /* CJSONDeserializer.m in Sources */,
				731A2B2A130721260081A79E /* CJSONScanner.m in Sources */,
				731A2B2B130721260081A79E /* CJSONSerializer.m in Sources */,
				731A2B2E130721490081A79E /* AppDelegate+CloudApp.m in Sources */,
				731A2B31130721A50081A79E /* PassMouseViews.m in Sources */,
				733E73E113075FBF002957D6 /* AppDelegate+Dribbble.m in Sources */,
				733E73EA13076091002957D6 /* PreferencesController.m in Sources */,
				733E73ED1307609F002957D6 /* DBPrefsWindowController.m in Sources */,
				730448B01307650B0044B510 /* AppDelegate+Actions.m in Sources */,
				730448B313076F0E0044B510 /* AGKeychain.m in Sources */,
				7300B8721307AE0300DB56D0 /* Keychain.m in Sources */,
			);
			runOnlyForDeploymentPostprocessing = 0;
		};
/* End PBXSourcesBuildPhase section */

/* Begin PBXVariantGroup section */
		73D57C3213052E3600440072 /* InfoPlist.strings */ = {
			isa = PBXVariantGroup;
			children = (
				73D57C3313052E3600440072 /* en */,
			);
			name = InfoPlist.strings;
			sourceTree = "<group>";
		};
		73D57C3813052E3600440072 /* Credits.rtf */ = {
			isa = PBXVariantGroup;
			children = (
				73D57C3913052E3600440072 /* en */,
			);
			name = Credits.rtf;
			sourceTree = "<group>";
		};
		73D57C3E13052E3600440072 /* MainMenu.xib */ = {
			isa = PBXVariantGroup;
			children = (
				73D57C3F13052E3600440072 /* en */,
			);
			name = MainMenu.xib;
			sourceTree = "<group>";
		};
/* End PBXVariantGroup section */

/* Begin XCBuildConfiguration section */
		73D57C4113052E3600440072 /* Debug */ = {
			isa = XCBuildConfiguration;
			buildSettings = {
				ARCHS = "$(ARCHS_STANDARD_32_64_BIT)";
				GCC_C_LANGUAGE_STANDARD = gnu99;
				GCC_OPTIMIZATION_LEVEL = 0;
				GCC_PREPROCESSOR_DEFINITIONS = DEBUG;
				GCC_VERSION = com.apple.compilers.llvm.clang.1_0;
				GCC_WARN_64_TO_32_BIT_CONVERSION = YES;
				GCC_WARN_ABOUT_RETURN_TYPE = YES;
				GCC_WARN_UNUSED_VARIABLE = YES;
				MACOSX_DEPLOYMENT_TARGET = 10.6;
				ONLY_ACTIVE_ARCH = YES;
				SDKROOT = macosx;
			};
			name = Debug;
		};
		73D57C4213052E3600440072 /* Release */ = {
			isa = XCBuildConfiguration;
			buildSettings = {
				ARCHS = "$(ARCHS_STANDARD_32_64_BIT)";
				GCC_C_LANGUAGE_STANDARD = gnu99;
				GCC_VERSION = com.apple.compilers.llvm.clang.1_0;
				GCC_WARN_64_TO_32_BIT_CONVERSION = YES;
				GCC_WARN_ABOUT_RETURN_TYPE = YES;
				GCC_WARN_UNUSED_VARIABLE = YES;
				MACOSX_DEPLOYMENT_TARGET = 10.6;
				SDKROOT = macosx;
			};
			name = Release;
		};
		73D57C4413052E3600440072 /* Debug */ = {
			isa = XCBuildConfiguration;
			buildSettings = {
				ALWAYS_SEARCH_USER_PATHS = NO;
				COPY_PHASE_STRIP = NO;
				FRAMEWORK_SEARCH_PATHS = (
					"$(inherited)",
					"\"$(SRCROOT)/../../../Dev/Projects/Coaches Loupe/Frameworks\"",
				);
				GCC_DYNAMIC_NO_PIC = NO;
				GCC_ENABLE_OBJC_EXCEPTIONS = YES;
				GCC_PRECOMPILE_PREFIX_HEADER = YES;
				GCC_PREFIX_HEADER = Source/Prefix.pch;
				GCC_TREAT_WARNINGS_AS_ERRORS = NO;
				GCC_WARN_64_TO_32_BIT_CONVERSION = NO;
				GCC_WARN_ABOUT_MISSING_FIELD_INITIALIZERS = YES;
				GCC_WARN_ABOUT_MISSING_NEWLINE = YES;
				GCC_WARN_INITIALIZER_NOT_FULLY_BRACKETED = YES;
				GCC_WARN_SHADOW = YES;
				GCC_WARN_SIGN_COMPARE = NO;
				GCC_WARN_UNDECLARED_SELECTOR = YES;
				GCC_WARN_UNUSED_FUNCTION = YES;
				GCC_WARN_UNUSED_LABEL = YES;
				INFOPLIST_FILE = Info.plist;
				PRODUCT_NAME = "$(TARGET_NAME)";
				RUN_CLANG_STATIC_ANALYZER = YES;
				WRAPPER_EXTENSION = app;
			};
			name = Debug;
		};
		73D57C4513052E3600440072 /* Release */ = {
			isa = XCBuildConfiguration;
			buildSettings = {
				ALWAYS_SEARCH_USER_PATHS = NO;
				COPY_PHASE_STRIP = YES;
				DEBUG_INFORMATION_FORMAT = "dwarf-with-dsym";
				FRAMEWORK_SEARCH_PATHS = (
					"$(inherited)",
					"\"$(SRCROOT)/../../../Dev/Projects/Coaches Loupe/Frameworks\"",
				);
				GCC_ENABLE_OBJC_EXCEPTIONS = YES;
				GCC_PRECOMPILE_PREFIX_HEADER = YES;
				GCC_PREFIX_HEADER = Source/Prefix.pch;
				GCC_TREAT_WARNINGS_AS_ERRORS = NO;
				GCC_WARN_64_TO_32_BIT_CONVERSION = NO;
				GCC_WARN_ABOUT_MISSING_FIELD_INITIALIZERS = YES;
				GCC_WARN_ABOUT_MISSING_NEWLINE = YES;
				GCC_WARN_INITIALIZER_NOT_FULLY_BRACKETED = YES;
				GCC_WARN_SHADOW = YES;
				GCC_WARN_SIGN_COMPARE = NO;
				GCC_WARN_UNDECLARED_SELECTOR = YES;
				GCC_WARN_UNUSED_FUNCTION = YES;
				GCC_WARN_UNUSED_LABEL = YES;
				INFOPLIST_FILE = Info.plist;
				PRODUCT_NAME = "$(TARGET_NAME)";
				RUN_CLANG_STATIC_ANALYZER = YES;
				WRAPPER_EXTENSION = app;
			};
			name = Release;
		};
/* End XCBuildConfiguration section */

/* Begin XCConfigurationList section */
		73D57C1F13052E3600440072 /* Build configuration list for PBXProject "Coaches Loupe" */ = {
			isa = XCConfigurationList;
			buildConfigurations = (
				73D57C4113052E3600440072 /* Debug */,
				73D57C4213052E3600440072 /* Release */,
			);
			defaultConfigurationIsVisible = 0;
			defaultConfigurationName = Release;
		};
		73D57C4313052E3600440072 /* Build configuration list for PBXNativeTarget "Coaches Loupe" */ = {
			isa = XCConfigurationList;
			buildConfigurations = (
				73D57C4413052E3600440072 /* Debug */,
				73D57C4513052E3600440072 /* Release */,
			);
			defaultConfigurationIsVisible = 0;
			defaultConfigurationName = Release;
		};
/* End XCConfigurationList section */
	};
	rootObject = 73D57C1C13052E3600440072 /* Project object */;
}
