// !$*UTF8*$!
{
	archiveVersion = 1;
	classes = {
	};
	objectVersion = 46;
	objects = {

/* Begin PBXBuildFile section */
		7300B8721307AE0300DB56D0 /* Keychain.m in Sources */ = {isa = PBXBuildFile; fileRef = 7300B8711307AE0300DB56D0 /* Keychain.m */; };
		730448B01307650B0044B510 /* AppDelegate+Actions.m in Sources */ = {isa = PBXBuildFile; fileRef = 730448AF1307650B0044B510 /* AppDelegate+Actions.m */; };
		730448B313076F0E0044B510 /* AGKeychain.m in Sources */ = {isa = PBXBuildFile; fileRef = 730448B213076F0E0044B510 /* AGKeychain.m */; };
		7318321F13120D82004BC512 /* BBBouncePass.m in Sources */ = {isa = PBXBuildFile; fileRef = 7318321E13120D82004BC512 /* BBBouncePass.m */; };
		731A2B2E130721490081A79E /* AppDelegate+CloudApp.m in Sources */ = {isa = PBXBuildFile; fileRef = 731A2B2D130721490081A79E /* AppDelegate+CloudApp.m */; };
		731A2B31130721A50081A79E /* PassMouseViews.m in Sources */ = {isa = PBXBuildFile; fileRef = 731A2B30130721A50081A79E /* PassMouseViews.m */; };
		731D2F281308845F009F3C7C /* CLAPIDeserializer.m in Sources */ = {isa = PBXBuildFile; fileRef = 731D2EE11308845F009F3C7C /* CLAPIDeserializer.m */; };
		731D2F291308845F009F3C7C /* CLAPISerializer.m in Sources */ = {isa = PBXBuildFile; fileRef = 731D2EE31308845F009F3C7C /* CLAPISerializer.m */; };
		731D2F2A1308845F009F3C7C /* NSMutableURLRequest+NPPOSTBody.m in Sources */ = {isa = PBXBuildFile; fileRef = 731D2EE61308845F009F3C7C /* NSMutableURLRequest+NPPOSTBody.m */; };
		731D2F2B1308845F009F3C7C /* NSString+NPAdditions.m in Sources */ = {isa = PBXBuildFile; fileRef = 731D2EE81308845F009F3C7C /* NSString+NPAdditions.m */; };
		731D2F2C1308845F009F3C7C /* NSString+NPMimeType.m in Sources */ = {isa = PBXBuildFile; fileRef = 731D2EEA1308845F009F3C7C /* NSString+NPMimeType.m */; };
		731D2F2D1308845F009F3C7C /* CLAPIEngine.m in Sources */ = {isa = PBXBuildFile; fileRef = 731D2EEC1308845F009F3C7C /* CLAPIEngine.m */; };
		731D2F2E1308845F009F3C7C /* CLAPITransaction.m in Sources */ = {isa = PBXBuildFile; fileRef = 731D2EF01308845F009F3C7C /* CLAPITransaction.m */; };
		731D2F2F1308845F009F3C7C /* CLAccount.m in Sources */ = {isa = PBXBuildFile; fileRef = 731D2EF31308845F009F3C7C /* CLAccount.m */; };
		731D2F301308845F009F3C7C /* CLWebItem.m in Sources */ = {isa = PBXBuildFile; fileRef = 731D2EF51308845F009F3C7C /* CLWebItem.m */; };
		731D2F311308845F009F3C7C /* nameprep.c in Sources */ = {isa = PBXBuildFile; fileRef = 731D2EF91308845F009F3C7C /* nameprep.c */; };
		731D2F321308845F009F3C7C /* puny.c in Sources */ = {isa = PBXBuildFile; fileRef = 731D2EFB1308845F009F3C7C /* puny.c */; };
		731D2F331308845F009F3C7C /* race.c in Sources */ = {isa = PBXBuildFile; fileRef = 731D2EFD1308845F009F3C7C /* race.c */; };
		731D2F341308845F009F3C7C /* toxxx.c in Sources */ = {isa = PBXBuildFile; fileRef = 731D2F0C1308845F009F3C7C /* toxxx.c */; };
		731D2F351308845F009F3C7C /* util.c in Sources */ = {isa = PBXBuildFile; fileRef = 731D2F0E1308845F009F3C7C /* util.c */; };
		731D2F361308845F009F3C7C /* NSURL+IFUnicodeURL.m in Sources */ = {isa = PBXBuildFile; fileRef = 731D2F131308845F009F3C7C /* NSURL+IFUnicodeURL.m */; };
		731D2F371308845F009F3C7C /* CDataScanner.m in Sources */ = {isa = PBXBuildFile; fileRef = 731D2F161308845F009F3C7C /* CDataScanner.m */; };
		731D2F381308845F009F3C7C /* CDataScanner_Extensions.m in Sources */ = {isa = PBXBuildFile; fileRef = 731D2F191308845F009F3C7C /* CDataScanner_Extensions.m */; };
		731D2F391308845F009F3C7C /* NSCharacterSet_Extensions.m in Sources */ = {isa = PBXBuildFile; fileRef = 731D2F1B1308845F009F3C7C /* NSCharacterSet_Extensions.m */; };
		731D2F3A1308845F009F3C7C /* NSDictionary_JSONExtensions.m in Sources */ = {isa = PBXBuildFile; fileRef = 731D2F1D1308845F009F3C7C /* NSDictionary_JSONExtensions.m */; };
		731D2F3B1308845F009F3C7C /* NSScanner_Extensions.m in Sources */ = {isa = PBXBuildFile; fileRef = 731D2F1F1308845F009F3C7C /* NSScanner_Extensions.m */; };
		731D2F3C1308845F009F3C7C /* CJSONDeserializer.m in Sources */ = {isa = PBXBuildFile; fileRef = 731D2F221308845F009F3C7C /* CJSONDeserializer.m */; };
		731D2F3D1308845F009F3C7C /* CJSONScanner.m in Sources */ = {isa = PBXBuildFile; fileRef = 731D2F241308845F009F3C7C /* CJSONScanner.m */; };
		731D2F3E1308845F009F3C7C /* CJSONSerializer.m in Sources */ = {isa = PBXBuildFile; fileRef = 731D2F261308845F009F3C7C /* CJSONSerializer.m */; };
		731D2F411308849D009F3C7C /* InfoPlist.strings in Resources */ = {isa = PBXBuildFile; fileRef = 731D2F3F1308849D009F3C7C /* InfoPlist.strings */; };
		731D2F44130884CB009F3C7C /* MainMenu.xib in Resources */ = {isa = PBXBuildFile; fileRef = 731D2F42130884CB009F3C7C /* MainMenu.xib */; };
		731D2F47130884F1009F3C7C /* Credits.rtf in Resources */ = {isa = PBXBuildFile; fileRef = 731D2F45130884F1009F3C7C /* Credits.rtf */; };
		731D2F5413088521009F3C7C /* cloud_button.png in Resources */ = {isa = PBXBuildFile; fileRef = 731D2F4B13088521009F3C7C /* cloud_button.png */; };
		731D2F5513088521009F3C7C /* cloud_toolbar.png in Resources */ = {isa = PBXBuildFile; fileRef = 731D2F4C13088521009F3C7C /* cloud_toolbar.png */; };
		731D2F5613088521009F3C7C /* dribbble_button.png in Resources */ = {isa = PBXBuildFile; fileRef = 731D2F4D13088521009F3C7C /* dribbble_button.png */; };
		731D2F5713088521009F3C7C /* dribbble_toolbar.png in Resources */ = {isa = PBXBuildFile; fileRef = 731D2F4E13088521009F3C7C /* dribbble_toolbar.png */; };
		731D2F5813088521009F3C7C /* frame.png in Resources */ = {isa = PBXBuildFile; fileRef = 731D2F4F13088521009F3C7C /* frame.png */; };
		731D2F5913088521009F3C7C /* Icon.icns in Resources */ = {isa = PBXBuildFile; fileRef = 731D2F5013088521009F3C7C /* Icon.icns */; };
		731D2F5A13088521009F3C7C /* switch_toolbar.png in Resources */ = {isa = PBXBuildFile; fileRef = 731D2F5113088521009F3C7C /* switch_toolbar.png */; };
		731D2F5D13088543009F3C7C /* Preferences.xib in Resources */ = {isa = PBXBuildFile; fileRef = 731D2F5B13088543009F3C7C /* Preferences.xib */; };
		7323CA7B1310A15E00D73A6E /* dsa_pub.pem in Resources */ = {isa = PBXBuildFile; fileRef = 7323CA7A1310A15E00D73A6E /* dsa_pub.pem */; };
		7323CA7D1310A1A300D73A6E /* updates_toolbar.png in Resources */ = {isa = PBXBuildFile; fileRef = 7323CA7C1310A1A300D73A6E /* updates_toolbar.png */; };
		7326004B1312342B007A8623 /* Growl.framework in Frameworks */ = {isa = PBXBuildFile; fileRef = 732600491312342B007A8623 /* Growl.framework */; };
		7326004C1312342B007A8623 /* Sparkle.framework in Frameworks */ = {isa = PBXBuildFile; fileRef = 7326004A1312342B007A8623 /* Sparkle.framework */; };
		7326F1431366832D00352D01 /* image_shadow.png in Resources */ = {isa = PBXBuildFile; fileRef = 7326F1421366832D00352D01 /* image_shadow.png */; };
		73284B1713054B4D0083654A /* AppDelegate+Screenshot.m in Sources */ = {isa = PBXBuildFile; fileRef = 73284B1613054B4D0083654A /* AppDelegate+Screenshot.m */; };
		732B797F132A00CD0010F499 /* TwitterClients.plist in Resources */ = {isa = PBXBuildFile; fileRef = 732B797E132A00CD0010F499 /* TwitterClients.plist */; };
		733E73E113075FBF002957D6 /* AppDelegate+Dribbble.m in Sources */ = {isa = PBXBuildFile; fileRef = 733E73E013075FBF002957D6 /* AppDelegate+Dribbble.m */; };
		733E73EA13076091002957D6 /* PreferencesController.m in Sources */ = {isa = PBXBuildFile; fileRef = 733E73E913076091002957D6 /* PreferencesController.m */; };
		733E73ED1307609F002957D6 /* DBPrefsWindowController.m in Sources */ = {isa = PBXBuildFile; fileRef = 733E73EC1307609F002957D6 /* DBPrefsWindowController.m */; };
		734207911314F38F00DAF204 /* text_field.png in Resources */ = {isa = PBXBuildFile; fileRef = 734207901314F38F00DAF204 /* text_field.png */; };
		734207931314F41700DAF204 /* text_area.png in Resources */ = {isa = PBXBuildFile; fileRef = 734207921314F41700DAF204 /* text_area.png */; };
		734A3FAF1312109200900D19 /* NSString+BBBP.m in Sources */ = {isa = PBXBuildFile; fileRef = 734A3FAE1312109200900D19 /* NSString+BBBP.m */; };
		734A3FB21312117000900D19 /* NSMutableData+BBBP.m in Sources */ = {isa = PBXBuildFile; fileRef = 734A3FB11312116F00900D19 /* NSMutableData+BBBP.m */; };
		7351074413103407000AAC5D /* Cocoa.framework in Frameworks */ = {isa = PBXBuildFile; fileRef = 7351073F131033D3000AAC5D /* Cocoa.framework */; };
		735107461310340F000AAC5D /* CoreFoundation.framework in Frameworks */ = {isa = PBXBuildFile; fileRef = 735107451310340F000AAC5D /* CoreFoundation.framework */; };
		735107481310341A000AAC5D /* Security.framework in Frameworks */ = {isa = PBXBuildFile; fileRef = 735107471310341A000AAC5D /* Security.framework */; };
		7351074A13103421000AAC5D /* AppKit.framework in Frameworks */ = {isa = PBXBuildFile; fileRef = 7351074913103421000AAC5D /* AppKit.framework */; };
		7351074C1310342D000AAC5D /* Foundation.framework in Frameworks */ = {isa = PBXBuildFile; fileRef = 7351074B1310342D000AAC5D /* Foundation.framework */; };
		73598864130A85D700D65573 /* TFHpple.m in Sources */ = {isa = PBXBuildFile; fileRef = 7359885F130A85D700D65573 /* TFHpple.m */; };
		73598865130A85D700D65573 /* TFHppleElement.m in Sources */ = {isa = PBXBuildFile; fileRef = 73598861130A85D700D65573 /* TFHppleElement.m */; };
		73598866130A85D700D65573 /* XPathQuery.m in Sources */ = {isa = PBXBuildFile; fileRef = 73598863130A85D700D65573 /* XPathQuery.m */; };
		735BAB92131213B70057BF8B /* BBBPShot.m in Sources */ = {isa = PBXBuildFile; fileRef = 735BAB91131213B70057BF8B /* BBBPShot.m */; };
		735BAB95131214310057BF8B /* BBBPDribbble.m in Sources */ = {isa = PBXBuildFile; fileRef = 735BAB941312142F0057BF8B /* BBBPDribbble.m */; };
		7367886C1308F4D10090FF67 /* AppDelegate+Court.m in Sources */ = {isa = PBXBuildFile; fileRef = 7367886B1308F4D10090FF67 /* AppDelegate+Court.m */; };
		7368B944131264A40031D13D /* Growl.framework in Copy Frameworks */ = {isa = PBXBuildFile; fileRef = 732600491312342B007A8623 /* Growl.framework */; };
		7368B945131264A40031D13D /* Sparkle.framework in Copy Frameworks */ = {isa = PBXBuildFile; fileRef = 7326004A1312342B007A8623 /* Sparkle.framework */; };
		738559AB1333314700842250 /* full_transperency.png in Resources */ = {isa = PBXBuildFile; fileRef = 738559A91333314700842250 /* full_transperency.png */; };
		738559AC1333314700842250 /* low_transperency.png in Resources */ = {isa = PBXBuildFile; fileRef = 738559AA1333314700842250 /* low_transperency.png */; };
		738FD3A113091D380064C037 /* cloud_upload.png in Resources */ = {isa = PBXBuildFile; fileRef = 738FD39F13091D380064C037 /* cloud_upload.png */; };
		738FD3A213091D380064C037 /* dribbble_upload.png in Resources */ = {isa = PBXBuildFile; fileRef = 738FD3A013091D380064C037 /* dribbble_upload.png */; };
		73904D8413960E6E001C7727 /* text_field_long.png in Resources */ = {isa = PBXBuildFile; fileRef = 73904D8313960E6E001C7727 /* text_field_long.png */; };
		739FD52C132B254E00351A45 /* twitter_toolbar.png in Resources */ = {isa = PBXBuildFile; fileRef = 739FD52B132B254E00351A45 /* twitter_toolbar.png */; };
		73BA01861314CAE900C4EBD1 /* LoupeWindow.m in Sources */ = {isa = PBXBuildFile; fileRef = 73BA01851314CAE900C4EBD1 /* LoupeWindow.m */; };
		73C3FA811309FFB9008B661F /* libxml2.2.dylib in Frameworks */ = {isa = PBXBuildFile; fileRef = 73C3FA801309FFB8008B661F /* libxml2.2.dylib */; };
		73D57C3713052E3600440072 /* main.m in Sources */ = {isa = PBXBuildFile; fileRef = 73D57C3613052E3600440072 /* main.m */; };
		73D57C3D13052E3600440072 /* AppDelegate.m in Sources */ = {isa = PBXBuildFile; fileRef = 73D57C3C13052E3600440072 /* AppDelegate.m */; };
		73DAAF7D130900D800814EA2 /* court_button_alt.png in Resources */ = {isa = PBXBuildFile; fileRef = 73DAAF7A130900D800814EA2 /* court_button_alt.png */; };
		73DAAF7E130900D800814EA2 /* court_button.png in Resources */ = {isa = PBXBuildFile; fileRef = 73DAAF7B130900D800814EA2 /* court_button.png */; };
		73DAAF7F130900D800814EA2 /* court.png in Resources */ = {isa = PBXBuildFile; fileRef = 73DAAF7C130900D800814EA2 /* court.png */; };
		73F3FE2E130A83F700B0FCCC /* AppDelegate+Growl.m in Sources */ = {isa = PBXBuildFile; fileRef = 73F3FE2D130A83F700B0FCCC /* AppDelegate+Growl.m */; };
		73F6E89E139618340015476D /* AppDelegate+RecentUploads.m in Sources */ = {isa = PBXBuildFile; fileRef = 73F6E89D139618340015476D /* AppDelegate+RecentUploads.m */; };
/* End PBXBuildFile section */

/* Begin PBXCopyFilesBuildPhase section */
		7300B88E130876F400DB56D0 /* Copy Frameworks */ = {
			isa = PBXCopyFilesBuildPhase;
			buildActionMask = 2147483647;
			dstPath = "";
			dstSubfolderSpec = 10;
			files = (
				7368B944131264A40031D13D /* Growl.framework in Copy Frameworks */,
				7368B945131264A40031D13D /* Sparkle.framework in Copy Frameworks */,
			);
			name = "Copy Frameworks";
			runOnlyForDeploymentPostprocessing = 0;
		};
/* End PBXCopyFilesBuildPhase section */

/* Begin PBXFileReference section */
		7300B8701307AE0300DB56D0 /* Keychain.h */ = {isa = PBXFileReference; fileEncoding = 4; lastKnownFileType = sourcecode.c.h; path = Keychain.h; sourceTree = "<group>"; };
		7300B8711307AE0300DB56D0 /* Keychain.m */ = {isa = PBXFileReference; fileEncoding = 4; lastKnownFileType = sourcecode.c.objc; path = Keychain.m; sourceTree = "<group>"; };
		730448AF1307650B0044B510 /* AppDelegate+Actions.m */ = {isa = PBXFileReference; fileEncoding = 4; lastKnownFileType = sourcecode.c.objc; path = "AppDelegate+Actions.m"; sourceTree = "<group>"; };
		730448B113076F0E0044B510 /* AGKeychain.h */ = {isa = PBXFileReference; fileEncoding = 4; lastKnownFileType = sourcecode.c.h; path = AGKeychain.h; sourceTree = "<group>"; };
		730448B213076F0E0044B510 /* AGKeychain.m */ = {isa = PBXFileReference; fileEncoding = 4; lastKnownFileType = sourcecode.c.objc; path = AGKeychain.m; sourceTree = "<group>"; };
		7318321D13120D82004BC512 /* BBBouncePass.h */ = {isa = PBXFileReference; fileEncoding = 4; lastKnownFileType = sourcecode.c.h; path = BBBouncePass.h; sourceTree = "<group>"; };
		7318321E13120D82004BC512 /* BBBouncePass.m */ = {isa = PBXFileReference; fileEncoding = 4; lastKnownFileType = sourcecode.c.objc; path = BBBouncePass.m; sourceTree = "<group>"; };
		731A2B2D130721490081A79E /* AppDelegate+CloudApp.m */ = {isa = PBXFileReference; fileEncoding = 4; lastKnownFileType = sourcecode.c.objc; path = "AppDelegate+CloudApp.m"; sourceTree = "<group>"; };
		731A2B2F130721A50081A79E /* PassMouseViews.h */ = {isa = PBXFileReference; fileEncoding = 4; lastKnownFileType = sourcecode.c.h; path = PassMouseViews.h; sourceTree = "<group>"; };
		731A2B30130721A50081A79E /* PassMouseViews.m */ = {isa = PBXFileReference; fileEncoding = 4; lastKnownFileType = sourcecode.c.objc; path = PassMouseViews.m; sourceTree = "<group>"; };
		731D2EE01308845F009F3C7C /* CLAPIDeserializer.h */ = {isa = PBXFileReference; fileEncoding = 4; lastKnownFileType = sourcecode.c.h; path = CLAPIDeserializer.h; sourceTree = "<group>"; };
		731D2EE11308845F009F3C7C /* CLAPIDeserializer.m */ = {isa = PBXFileReference; fileEncoding = 4; lastKnownFileType = sourcecode.c.objc; path = CLAPIDeserializer.m; sourceTree = "<group>"; };
		731D2EE21308845F009F3C7C /* CLAPISerializer.h */ = {isa = PBXFileReference; fileEncoding = 4; lastKnownFileType = sourcecode.c.h; path = CLAPISerializer.h; sourceTree = "<group>"; };
		731D2EE31308845F009F3C7C /* CLAPISerializer.m */ = {isa = PBXFileReference; fileEncoding = 4; lastKnownFileType = sourcecode.c.objc; path = CLAPISerializer.m; sourceTree = "<group>"; };
		731D2EE51308845F009F3C7C /* NSMutableURLRequest+NPPOSTBody.h */ = {isa = PBXFileReference; fileEncoding = 4; lastKnownFileType = sourcecode.c.h; path = "NSMutableURLRequest+NPPOSTBody.h"; sourceTree = "<group>"; };
		731D2EE61308845F009F3C7C /* NSMutableURLRequest+NPPOSTBody.m */ = {isa = PBXFileReference; fileEncoding = 4; lastKnownFileType = sourcecode.c.objc; path = "NSMutableURLRequest+NPPOSTBody.m"; sourceTree = "<group>"; };
		731D2EE71308845F009F3C7C /* NSString+NPAdditions.h */ = {isa = PBXFileReference; fileEncoding = 4; lastKnownFileType = sourcecode.c.h; path = "NSString+NPAdditions.h"; sourceTree = "<group>"; };
		731D2EE81308845F009F3C7C /* NSString+NPAdditions.m */ = {isa = PBXFileReference; fileEncoding = 4; lastKnownFileType = sourcecode.c.objc; path = "NSString+NPAdditions.m"; sourceTree = "<group>"; };
		731D2EE91308845F009F3C7C /* NSString+NPMimeType.h */ = {isa = PBXFileReference; fileEncoding = 4; lastKnownFileType = sourcecode.c.h; path = "NSString+NPMimeType.h"; sourceTree = "<group>"; };
		731D2EEA1308845F009F3C7C /* NSString+NPMimeType.m */ = {isa = PBXFileReference; fileEncoding = 4; lastKnownFileType = sourcecode.c.objc; path = "NSString+NPMimeType.m"; sourceTree = "<group>"; };
		731D2EEB1308845F009F3C7C /* CLAPIEngine.h */ = {isa = PBXFileReference; fileEncoding = 4; lastKnownFileType = sourcecode.c.h; path = CLAPIEngine.h; sourceTree = "<group>"; };
		731D2EEC1308845F009F3C7C /* CLAPIEngine.m */ = {isa = PBXFileReference; fileEncoding = 4; lastKnownFileType = sourcecode.c.objc; path = CLAPIEngine.m; sourceTree = "<group>"; };
		731D2EED1308845F009F3C7C /* CLAPIEngineConstants.h */ = {isa = PBXFileReference; fileEncoding = 4; lastKnownFileType = sourcecode.c.h; path = CLAPIEngineConstants.h; sourceTree = "<group>"; };
		731D2EEE1308845F009F3C7C /* CLAPIEngineDelegate.h */ = {isa = PBXFileReference; fileEncoding = 4; lastKnownFileType = sourcecode.c.h; path = CLAPIEngineDelegate.h; sourceTree = "<group>"; };
		731D2EEF1308845F009F3C7C /* CLAPITransaction.h */ = {isa = PBXFileReference; fileEncoding = 4; lastKnownFileType = sourcecode.c.h; path = CLAPITransaction.h; sourceTree = "<group>"; };
		731D2EF01308845F009F3C7C /* CLAPITransaction.m */ = {isa = PBXFileReference; fileEncoding = 4; lastKnownFileType = sourcecode.c.objc; path = CLAPITransaction.m; sourceTree = "<group>"; };
		731D2EF21308845F009F3C7C /* CLAccount.h */ = {isa = PBXFileReference; fileEncoding = 4; lastKnownFileType = sourcecode.c.h; path = CLAccount.h; sourceTree = "<group>"; };
		731D2EF31308845F009F3C7C /* CLAccount.m */ = {isa = PBXFileReference; fileEncoding = 4; lastKnownFileType = sourcecode.c.objc; path = CLAccount.m; sourceTree = "<group>"; };
		731D2EF41308845F009F3C7C /* CLWebItem.h */ = {isa = PBXFileReference; fileEncoding = 4; lastKnownFileType = sourcecode.c.h; path = CLWebItem.h; sourceTree = "<group>"; };
		731D2EF51308845F009F3C7C /* CLWebItem.m */ = {isa = PBXFileReference; fileEncoding = 4; lastKnownFileType = sourcecode.c.objc; path = CLWebItem.m; sourceTree = "<group>"; };
		731D2EF81308845F009F3C7C /* adapter.h */ = {isa = PBXFileReference; fileEncoding = 4; lastKnownFileType = sourcecode.c.h; path = adapter.h; sourceTree = "<group>"; };
		731D2EF91308845F009F3C7C /* nameprep.c */ = {isa = PBXFileReference; fileEncoding = 4; lastKnownFileType = sourcecode.c.c; path = nameprep.c; sourceTree = "<group>"; };
		731D2EFA1308845F009F3C7C /* nameprep.h */ = {isa = PBXFileReference; fileEncoding = 4; lastKnownFileType = sourcecode.c.h; path = nameprep.h; sourceTree = "<group>"; };
		731D2EFB1308845F009F3C7C /* puny.c */ = {isa = PBXFileReference; fileEncoding = 4; lastKnownFileType = sourcecode.c.c; path = puny.c; sourceTree = "<group>"; };
		731D2EFC1308845F009F3C7C /* puny.h */ = {isa = PBXFileReference; fileEncoding = 4; lastKnownFileType = sourcecode.c.h; path = puny.h; sourceTree = "<group>"; };
		731D2EFD1308845F009F3C7C /* race.c */ = {isa = PBXFileReference; fileEncoding = 4; lastKnownFileType = sourcecode.c.c; path = race.c; sourceTree = "<group>"; };
		731D2EFE1308845F009F3C7C /* race.h */ = {isa = PBXFileReference; fileEncoding = 4; lastKnownFileType = sourcecode.c.h; path = race.h; sourceTree = "<group>"; };
		731D2F001308845F009F3C7C /* nameprep_bidi_lcat.h */ = {isa = PBXFileReference; fileEncoding = 4; lastKnownFileType = sourcecode.c.h; path = nameprep_bidi_lcat.h; sourceTree = "<group>"; };
		731D2F011308845F009F3C7C /* nameprep_bidi_randalcat.h */ = {isa = PBXFileReference; fileEncoding = 4; lastKnownFileType = sourcecode.c.h; path = nameprep_bidi_randalcat.h; sourceTree = "<group>"; };
		731D2F021308845F009F3C7C /* nameprep_charmap.h */ = {isa = PBXFileReference; fileEncoding = 4; lastKnownFileType = sourcecode.c.h; path = nameprep_charmap.h; sourceTree = "<group>"; };
		731D2F031308845F009F3C7C /* nameprep_compatible.h */ = {isa = PBXFileReference; fileEncoding = 4; lastKnownFileType = sourcecode.c.h; path = nameprep_compatible.h; sourceTree = "<group>"; };
		731D2F041308845F009F3C7C /* nameprep_compose.h */ = {isa = PBXFileReference; fileEncoding = 4; lastKnownFileType = sourcecode.c.h; path = nameprep_compose.h; sourceTree = "<group>"; };
		731D2F051308845F009F3C7C /* nameprep_cononical.h */ = {isa = PBXFileReference; fileEncoding = 4; lastKnownFileType = sourcecode.c.h; path = nameprep_cononical.h; sourceTree = "<group>"; };
		731D2F061308845F009F3C7C /* nameprep_data.h */ = {isa = PBXFileReference; fileEncoding = 4; lastKnownFileType = sourcecode.c.h; path = nameprep_data.h; sourceTree = "<group>"; };
		731D2F071308845F009F3C7C /* nameprep_datastructures.h */ = {isa = PBXFileReference; fileEncoding = 4; lastKnownFileType = sourcecode.c.h; path = nameprep_datastructures.h; sourceTree = "<group>"; };
		731D2F081308845F009F3C7C /* nameprep_decompose.h */ = {isa = PBXFileReference; fileEncoding = 4; lastKnownFileType = sourcecode.c.h; path = nameprep_decompose.h; sourceTree = "<group>"; };
		731D2F091308845F009F3C7C /* nameprep_lookups.h */ = {isa = PBXFileReference; fileEncoding = 4; lastKnownFileType = sourcecode.c.h; path = nameprep_lookups.h; sourceTree = "<group>"; };
		731D2F0A1308845F009F3C7C /* nameprep_prohibit.h */ = {isa = PBXFileReference; fileEncoding = 4; lastKnownFileType = sourcecode.c.h; path = nameprep_prohibit.h; sourceTree = "<group>"; };
		731D2F0B1308845F009F3C7C /* nameprep_prohibit_allowunassigned.h */ = {isa = PBXFileReference; fileEncoding = 4; lastKnownFileType = sourcecode.c.h; path = nameprep_prohibit_allowunassigned.h; sourceTree = "<group>"; };
		731D2F0C1308845F009F3C7C /* toxxx.c */ = {isa = PBXFileReference; fileEncoding = 4; lastKnownFileType = sourcecode.c.c; path = toxxx.c; sourceTree = "<group>"; };
		731D2F0D1308845F009F3C7C /* toxxx.h */ = {isa = PBXFileReference; fileEncoding = 4; lastKnownFileType = sourcecode.c.h; path = toxxx.h; sourceTree = "<group>"; };
		731D2F0E1308845F009F3C7C /* util.c */ = {isa = PBXFileReference; fileEncoding = 4; lastKnownFileType = sourcecode.c.c; path = util.c; sourceTree = "<group>"; };
		731D2F0F1308845F009F3C7C /* util.h */ = {isa = PBXFileReference; fileEncoding = 4; lastKnownFileType = sourcecode.c.h; path = util.h; sourceTree = "<group>"; };
		731D2F101308845F009F3C7C /* xcode.h */ = {isa = PBXFileReference; fileEncoding = 4; lastKnownFileType = sourcecode.c.h; path = xcode.h; sourceTree = "<group>"; };
		731D2F111308845F009F3C7C /* xcode_config.h */ = {isa = PBXFileReference; fileEncoding = 4; lastKnownFileType = sourcecode.c.h; path = xcode_config.h; sourceTree = "<group>"; };
		731D2F121308845F009F3C7C /* NSURL+IFUnicodeURL.h */ = {isa = PBXFileReference; fileEncoding = 4; lastKnownFileType = sourcecode.c.h; path = "NSURL+IFUnicodeURL.h"; sourceTree = "<group>"; };
		731D2F131308845F009F3C7C /* NSURL+IFUnicodeURL.m */ = {isa = PBXFileReference; fileEncoding = 4; lastKnownFileType = sourcecode.c.objc; path = "NSURL+IFUnicodeURL.m"; sourceTree = "<group>"; };
		731D2F151308845F009F3C7C /* CDataScanner.h */ = {isa = PBXFileReference; fileEncoding = 4; lastKnownFileType = sourcecode.c.h; path = CDataScanner.h; sourceTree = "<group>"; };
		731D2F161308845F009F3C7C /* CDataScanner.m */ = {isa = PBXFileReference; fileEncoding = 4; lastKnownFileType = sourcecode.c.objc; path = CDataScanner.m; sourceTree = "<group>"; };
		731D2F181308845F009F3C7C /* CDataScanner_Extensions.h */ = {isa = PBXFileReference; fileEncoding = 4; lastKnownFileType = sourcecode.c.h; path = CDataScanner_Extensions.h; sourceTree = "<group>"; };
		731D2F191308845F009F3C7C /* CDataScanner_Extensions.m */ = {isa = PBXFileReference; fileEncoding = 4; lastKnownFileType = sourcecode.c.objc; path = CDataScanner_Extensions.m; sourceTree = "<group>"; };
		731D2F1A1308845F009F3C7C /* NSCharacterSet_Extensions.h */ = {isa = PBXFileReference; fileEncoding = 4; lastKnownFileType = sourcecode.c.h; path = NSCharacterSet_Extensions.h; sourceTree = "<group>"; };
		731D2F1B1308845F009F3C7C /* NSCharacterSet_Extensions.m */ = {isa = PBXFileReference; fileEncoding = 4; lastKnownFileType = sourcecode.c.objc; path = NSCharacterSet_Extensions.m; sourceTree = "<group>"; };
		731D2F1C1308845F009F3C7C /* NSDictionary_JSONExtensions.h */ = {isa = PBXFileReference; fileEncoding = 4; lastKnownFileType = sourcecode.c.h; path = NSDictionary_JSONExtensions.h; sourceTree = "<group>"; };
		731D2F1D1308845F009F3C7C /* NSDictionary_JSONExtensions.m */ = {isa = PBXFileReference; fileEncoding = 4; lastKnownFileType = sourcecode.c.objc; path = NSDictionary_JSONExtensions.m; sourceTree = "<group>"; };
		731D2F1E1308845F009F3C7C /* NSScanner_Extensions.h */ = {isa = PBXFileReference; fileEncoding = 4; lastKnownFileType = sourcecode.c.h; path = NSScanner_Extensions.h; sourceTree = "<group>"; };
		731D2F1F1308845F009F3C7C /* NSScanner_Extensions.m */ = {isa = PBXFileReference; fileEncoding = 4; lastKnownFileType = sourcecode.c.objc; path = NSScanner_Extensions.m; sourceTree = "<group>"; };
		731D2F211308845F009F3C7C /* CJSONDeserializer.h */ = {isa = PBXFileReference; fileEncoding = 4; lastKnownFileType = sourcecode.c.h; path = CJSONDeserializer.h; sourceTree = "<group>"; };
		731D2F221308845F009F3C7C /* CJSONDeserializer.m */ = {isa = PBXFileReference; fileEncoding = 4; lastKnownFileType = sourcecode.c.objc; path = CJSONDeserializer.m; sourceTree = "<group>"; };
		731D2F231308845F009F3C7C /* CJSONScanner.h */ = {isa = PBXFileReference; fileEncoding = 4; lastKnownFileType = sourcecode.c.h; path = CJSONScanner.h; sourceTree = "<group>"; };
		731D2F241308845F009F3C7C /* CJSONScanner.m */ = {isa = PBXFileReference; fileEncoding = 4; lastKnownFileType = sourcecode.c.objc; path = CJSONScanner.m; sourceTree = "<group>"; };
		731D2F251308845F009F3C7C /* CJSONSerializer.h */ = {isa = PBXFileReference; fileEncoding = 4; lastKnownFileType = sourcecode.c.h; path = CJSONSerializer.h; sourceTree = "<group>"; };
		731D2F261308845F009F3C7C /* CJSONSerializer.m */ = {isa = PBXFileReference; fileEncoding = 4; lastKnownFileType = sourcecode.c.objc; path = CJSONSerializer.m; sourceTree = "<group>"; };
		731D2F271308845F009F3C7C /* JSONRepresentation.h */ = {isa = PBXFileReference; fileEncoding = 4; lastKnownFileType = sourcecode.c.h; path = JSONRepresentation.h; sourceTree = "<group>"; };
		731D2F401308849D009F3C7C /* en */ = {isa = PBXFileReference; lastKnownFileType = text.plist.strings; name = en; path = en.lproj/InfoPlist.strings; sourceTree = SOURCE_ROOT; };
		731D2F43130884CB009F3C7C /* en */ = {isa = PBXFileReference; lastKnownFileType = file.xib; name = en; path = en.lproj/MainMenu.xib; sourceTree = SOURCE_ROOT; };
		731D2F46130884F1009F3C7C /* en */ = {isa = PBXFileReference; lastKnownFileType = text.rtf; name = en; path = en.lproj/Credits.rtf; sourceTree = SOURCE_ROOT; };
		731D2F4813088503009F3C7C /* Prefix.pch */ = {isa = PBXFileReference; fileEncoding = 4; lastKnownFileType = sourcecode.c.h; path = Prefix.pch; sourceTree = "<group>"; };
		731D2F4B13088521009F3C7C /* cloud_button.png */ = {isa = PBXFileReference; lastKnownFileType = image.png; name = cloud_button.png; path = Images/cloud_button.png; sourceTree = SOURCE_ROOT; };
		731D2F4C13088521009F3C7C /* cloud_toolbar.png */ = {isa = PBXFileReference; lastKnownFileType = image.png; name = cloud_toolbar.png; path = Images/cloud_toolbar.png; sourceTree = SOURCE_ROOT; };
		731D2F4D13088521009F3C7C /* dribbble_button.png */ = {isa = PBXFileReference; lastKnownFileType = image.png; name = dribbble_button.png; path = Images/dribbble_button.png; sourceTree = SOURCE_ROOT; };
		731D2F4E13088521009F3C7C /* dribbble_toolbar.png */ = {isa = PBXFileReference; lastKnownFileType = image.png; name = dribbble_toolbar.png; path = Images/dribbble_toolbar.png; sourceTree = SOURCE_ROOT; };
		731D2F4F13088521009F3C7C /* frame.png */ = {isa = PBXFileReference; lastKnownFileType = image.png; name = frame.png; path = Images/frame.png; sourceTree = SOURCE_ROOT; };
		731D2F5013088521009F3C7C /* Icon.icns */ = {isa = PBXFileReference; lastKnownFileType = image.icns; name = Icon.icns; path = Images/Icon.icns; sourceTree = SOURCE_ROOT; };
		731D2F5113088521009F3C7C /* switch_toolbar.png */ = {isa = PBXFileReference; lastKnownFileType = image.png; name = switch_toolbar.png; path = Images/switch_toolbar.png; sourceTree = SOURCE_ROOT; };
		731D2F5C13088543009F3C7C /* en */ = {isa = PBXFileReference; lastKnownFileType = file.xib; name = en; path = en.lproj/Preferences.xib; sourceTree = SOURCE_ROOT; };
		7323CA7A1310A15E00D73A6E /* dsa_pub.pem */ = {isa = PBXFileReference; fileEncoding = 4; lastKnownFileType = text; name = dsa_pub.pem; path = Sparkle/dsa_pub.pem; sourceTree = SOURCE_ROOT; };
		7323CA7C1310A1A300D73A6E /* updates_toolbar.png */ = {isa = PBXFileReference; lastKnownFileType = image.png; name = updates_toolbar.png; path = Images/updates_toolbar.png; sourceTree = SOURCE_ROOT; };
		732600491312342B007A8623 /* Growl.framework */ = {isa = PBXFileReference; lastKnownFileType = wrapper.framework; path = Growl.framework; sourceTree = "<group>"; };
		7326004A1312342B007A8623 /* Sparkle.framework */ = {isa = PBXFileReference; lastKnownFileType = wrapper.framework; path = Sparkle.framework; sourceTree = "<group>"; };
		7326F1421366832D00352D01 /* image_shadow.png */ = {isa = PBXFileReference; lastKnownFileType = image.png; name = image_shadow.png; path = Images/image_shadow.png; sourceTree = SOURCE_ROOT; };
		73284B1613054B4D0083654A /* AppDelegate+Screenshot.m */ = {isa = PBXFileReference; fileEncoding = 4; lastKnownFileType = sourcecode.c.objc; lineEnding = 0; path = "AppDelegate+Screenshot.m"; sourceTree = "<group>"; xcLanguageSpecificationIdentifier = xcode.lang.objc; };
		732B797E132A00CD0010F499 /* TwitterClients.plist */ = {isa = PBXFileReference; fileEncoding = 4; lastKnownFileType = text.plist.xml; path = TwitterClients.plist; sourceTree = SOURCE_ROOT; };
		733E73E013075FBF002957D6 /* AppDelegate+Dribbble.m */ = {isa = PBXFileReference; fileEncoding = 4; lastKnownFileType = sourcecode.c.objc; path = "AppDelegate+Dribbble.m"; sourceTree = "<group>"; };
		733E73E813076091002957D6 /* PreferencesController.h */ = {isa = PBXFileReference; fileEncoding = 4; lastKnownFileType = sourcecode.c.h; lineEnding = 0; path = PreferencesController.h; sourceTree = "<group>"; xcLanguageSpecificationIdentifier = xcode.lang.objcpp; };
		733E73E913076091002957D6 /* PreferencesController.m */ = {isa = PBXFileReference; fileEncoding = 4; lastKnownFileType = sourcecode.c.objc; lineEnding = 0; path = PreferencesController.m; sourceTree = "<group>"; xcLanguageSpecificationIdentifier = xcode.lang.objc; };
		733E73EB1307609F002957D6 /* DBPrefsWindowController.h */ = {isa = PBXFileReference; fileEncoding = 4; lastKnownFileType = sourcecode.c.h; path = DBPrefsWindowController.h; sourceTree = "<group>"; };
		733E73EC1307609F002957D6 /* DBPrefsWindowController.m */ = {isa = PBXFileReference; fileEncoding = 4; lastKnownFileType = sourcecode.c.objc; path = DBPrefsWindowController.m; sourceTree = "<group>"; };
		734207901314F38F00DAF204 /* text_field.png */ = {isa = PBXFileReference; lastKnownFileType = image.png; name = text_field.png; path = Images/text_field.png; sourceTree = SOURCE_ROOT; };
		734207921314F41700DAF204 /* text_area.png */ = {isa = PBXFileReference; lastKnownFileType = image.png; name = text_area.png; path = Images/text_area.png; sourceTree = SOURCE_ROOT; };
		734A3FAD1312109200900D19 /* NSString+BBBP.h */ = {isa = PBXFileReference; fileEncoding = 4; lastKnownFileType = sourcecode.c.h; path = "NSString+BBBP.h"; sourceTree = "<group>"; };
		734A3FAE1312109200900D19 /* NSString+BBBP.m */ = {isa = PBXFileReference; fileEncoding = 4; lastKnownFileType = sourcecode.c.objc; path = "NSString+BBBP.m"; sourceTree = "<group>"; };
		734A3FB01312116F00900D19 /* NSMutableData+BBBP.h */ = {isa = PBXFileReference; fileEncoding = 4; lastKnownFileType = sourcecode.c.h; path = "NSMutableData+BBBP.h"; sourceTree = "<group>"; };
		734A3FB11312116F00900D19 /* NSMutableData+BBBP.m */ = {isa = PBXFileReference; fileEncoding = 4; lastKnownFileType = sourcecode.c.objc; path = "NSMutableData+BBBP.m"; sourceTree = "<group>"; };
		7351073F131033D3000AAC5D /* Cocoa.framework */ = {isa = PBXFileReference; lastKnownFileType = wrapper.framework; name = Cocoa.framework; path = /System/Library/Frameworks/Cocoa.framework; sourceTree = "<absolute>"; };
		735107451310340F000AAC5D /* CoreFoundation.framework */ = {isa = PBXFileReference; lastKnownFileType = wrapper.framework; name = CoreFoundation.framework; path = /System/Library/Frameworks/CoreFoundation.framework; sourceTree = "<absolute>"; };
		735107471310341A000AAC5D /* Security.framework */ = {isa = PBXFileReference; lastKnownFileType = wrapper.framework; name = Security.framework; path = /System/Library/Frameworks/Security.framework; sourceTree = "<absolute>"; };
		7351074913103421000AAC5D /* AppKit.framework */ = {isa = PBXFileReference; lastKnownFileType = wrapper.framework; name = AppKit.framework; path = /System/Library/Frameworks/AppKit.framework; sourceTree = "<absolute>"; };
		7351074B1310342D000AAC5D /* Foundation.framework */ = {isa = PBXFileReference; lastKnownFileType = wrapper.framework; name = Foundation.framework; path = /System/Library/Frameworks/Foundation.framework; sourceTree = "<absolute>"; };
		7359885E130A85D700D65573 /* TFHpple.h */ = {isa = PBXFileReference; fileEncoding = 4; lastKnownFileType = sourcecode.c.h; path = TFHpple.h; sourceTree = "<group>"; };
		7359885F130A85D700D65573 /* TFHpple.m */ = {isa = PBXFileReference; fileEncoding = 4; lastKnownFileType = sourcecode.c.objc; path = TFHpple.m; sourceTree = "<group>"; };
		73598860130A85D700D65573 /* TFHppleElement.h */ = {isa = PBXFileReference; fileEncoding = 4; lastKnownFileType = sourcecode.c.h; path = TFHppleElement.h; sourceTree = "<group>"; };
		73598861130A85D700D65573 /* TFHppleElement.m */ = {isa = PBXFileReference; fileEncoding = 4; lastKnownFileType = sourcecode.c.objc; path = TFHppleElement.m; sourceTree = "<group>"; };
		73598862130A85D700D65573 /* XPathQuery.h */ = {isa = PBXFileReference; fileEncoding = 4; lastKnownFileType = sourcecode.c.h; path = XPathQuery.h; sourceTree = "<group>"; };
		73598863130A85D700D65573 /* XPathQuery.m */ = {isa = PBXFileReference; fileEncoding = 4; lastKnownFileType = sourcecode.c.objc; path = XPathQuery.m; sourceTree = "<group>"; };
		735BAB90131213B70057BF8B /* BBBPShot.h */ = {isa = PBXFileReference; fileEncoding = 4; lastKnownFileType = sourcecode.c.h; path = BBBPShot.h; sourceTree = "<group>"; };
		735BAB91131213B70057BF8B /* BBBPShot.m */ = {isa = PBXFileReference; fileEncoding = 4; lastKnownFileType = sourcecode.c.objc; path = BBBPShot.m; sourceTree = "<group>"; };
		735BAB931312142E0057BF8B /* BBBPDribbble.h */ = {isa = PBXFileReference; fileEncoding = 4; lastKnownFileType = sourcecode.c.h; path = BBBPDribbble.h; sourceTree = "<group>"; };
		735BAB941312142F0057BF8B /* BBBPDribbble.m */ = {isa = PBXFileReference; fileEncoding = 4; lastKnownFileType = sourcecode.c.objc; path = BBBPDribbble.m; sourceTree = "<group>"; };
		7367886B1308F4D10090FF67 /* AppDelegate+Court.m */ = {isa = PBXFileReference; fileEncoding = 4; lastKnownFileType = sourcecode.c.objc; path = "AppDelegate+Court.m"; sourceTree = "<group>"; };
		738559A91333314700842250 /* full_transperency.png */ = {isa = PBXFileReference; lastKnownFileType = image.png; name = full_transperency.png; path = Images/full_transperency.png; sourceTree = SOURCE_ROOT; };
		738559AA1333314700842250 /* low_transperency.png */ = {isa = PBXFileReference; lastKnownFileType = image.png; name = low_transperency.png; path = Images/low_transperency.png; sourceTree = SOURCE_ROOT; };
		738FD39F13091D380064C037 /* cloud_upload.png */ = {isa = PBXFileReference; lastKnownFileType = image.png; name = cloud_upload.png; path = Images/cloud_upload.png; sourceTree = SOURCE_ROOT; };
		738FD3A013091D380064C037 /* dribbble_upload.png */ = {isa = PBXFileReference; lastKnownFileType = image.png; name = dribbble_upload.png; path = Images/dribbble_upload.png; sourceTree = SOURCE_ROOT; };
		73904D8313960E6E001C7727 /* text_field_long.png */ = {isa = PBXFileReference; lastKnownFileType = image.png; name = text_field_long.png; path = Images/text_field_long.png; sourceTree = SOURCE_ROOT; };
		739FD52B132B254E00351A45 /* twitter_toolbar.png */ = {isa = PBXFileReference; lastKnownFileType = image.png; name = twitter_toolbar.png; path = Images/twitter_toolbar.png; sourceTree = SOURCE_ROOT; };
		73BA01841314CAE900C4EBD1 /* LoupeWindow.h */ = {isa = PBXFileReference; fileEncoding = 4; lastKnownFileType = sourcecode.c.h; path = LoupeWindow.h; sourceTree = "<group>"; };
		73BA01851314CAE900C4EBD1 /* LoupeWindow.m */ = {isa = PBXFileReference; fileEncoding = 4; lastKnownFileType = sourcecode.c.objc; path = LoupeWindow.m; sourceTree = "<group>"; };
		73C3FA801309FFB8008B661F /* libxml2.2.dylib */ = {isa = PBXFileReference; lastKnownFileType = "compiled.mach-o.dylib"; name = libxml2.2.dylib; path = /usr/lib/libxml2.2.dylib; sourceTree = "<absolute>"; };
		73D57C2513052E3600440072 /* Coaches Loupe.app */ = {isa = PBXFileReference; explicitFileType = wrapper.application; includeInIndex = 0; path = "Coaches Loupe.app"; sourceTree = BUILT_PRODUCTS_DIR; };
		73D57C3113052E3600440072 /* Info.plist */ = {isa = PBXFileReference; lastKnownFileType = text.plist; path = Info.plist; sourceTree = "<group>"; };
		73D57C3613052E3600440072 /* main.m */ = {isa = PBXFileReference; lastKnownFileType = sourcecode.c.objc; path = main.m; sourceTree = "<group>"; };
		73D57C3B13052E3600440072 /* AppDelegate.h */ = {isa = PBXFileReference; lastKnownFileType = sourcecode.c.h; path = AppDelegate.h; sourceTree = "<group>"; };
		73D57C3C13052E3600440072 /* AppDelegate.m */ = {isa = PBXFileReference; lastKnownFileType = sourcecode.c.objc; path = AppDelegate.m; sourceTree = "<group>"; };
		73DAAF7A130900D800814EA2 /* court_button_alt.png */ = {isa = PBXFileReference; lastKnownFileType = image.png; name = court_button_alt.png; path = Images/court_button_alt.png; sourceTree = SOURCE_ROOT; };
		73DAAF7B130900D800814EA2 /* court_button.png */ = {isa = PBXFileReference; lastKnownFileType = image.png; name = court_button.png; path = Images/court_button.png; sourceTree = SOURCE_ROOT; };
		73DAAF7C130900D800814EA2 /* court.png */ = {isa = PBXFileReference; lastKnownFileType = image.png; name = court.png; path = Images/court.png; sourceTree = SOURCE_ROOT; };
		73F3FE2D130A83F700B0FCCC /* AppDelegate+Growl.m */ = {isa = PBXFileReference; fileEncoding = 4; lastKnownFileType = sourcecode.c.objc; path = "AppDelegate+Growl.m"; sourceTree = "<group>"; };
		73F6E89D139618340015476D /* AppDelegate+RecentUploads.m */ = {isa = PBXFileReference; fileEncoding = 4; lastKnownFileType = sourcecode.c.objc; path = "AppDelegate+RecentUploads.m"; sourceTree = "<group>"; };
/* End PBXFileReference section */

/* Begin PBXFrameworksBuildPhase section */
		73D57C2213052E3600440072 /* Frameworks */ = {
			isa = PBXFrameworksBuildPhase;
			buildActionMask = 2147483647;
			files = (
				73C3FA811309FFB9008B661F /* libxml2.2.dylib in Frameworks */,
				7351074413103407000AAC5D /* Cocoa.framework in Frameworks */,
				735107461310340F000AAC5D /* CoreFoundation.framework in Frameworks */,
				735107481310341A000AAC5D /* Security.framework in Frameworks */,
				7351074A13103421000AAC5D /* AppKit.framework in Frameworks */,
				7351074C1310342D000AAC5D /* Foundation.framework in Frameworks */,
				7326004B1312342B007A8623 /* Growl.framework in Frameworks */,
				7326004C1312342B007A8623 /* Sparkle.framework in Frameworks */,
			);
			runOnlyForDeploymentPostprocessing = 0;
		};
/* End PBXFrameworksBuildPhase section */

/* Begin PBXGroup section */
		7318321C13120D82004BC512 /* BBBouncePass */ = {
			isa = PBXGroup;
			children = (
				7318321D13120D82004BC512 /* BBBouncePass.h */,
				7318321E13120D82004BC512 /* BBBouncePass.m */,
				735BAB90131213B70057BF8B /* BBBPShot.h */,
				735BAB91131213B70057BF8B /* BBBPShot.m */,
				735BAB931312142E0057BF8B /* BBBPDribbble.h */,
				735BAB941312142F0057BF8B /* BBBPDribbble.m */,
				734A3FB01312116F00900D19 /* NSMutableData+BBBP.h */,
				734A3FB11312116F00900D19 /* NSMutableData+BBBP.m */,
				734A3FAD1312109200900D19 /* NSString+BBBP.h */,
				734A3FAE1312109200900D19 /* NSString+BBBP.m */,
				7359885D130A85D700D65573 /* Hpple */,
			);
			path = BBBouncePass;
			sourceTree = "<group>";
		};
		731A2ACA130721160081A79E /* Library */ = {
			isa = PBXGroup;
			children = (
				730448B113076F0E0044B510 /* AGKeychain.h */,
				730448B213076F0E0044B510 /* AGKeychain.m */,
				733E73EB1307609F002957D6 /* DBPrefsWindowController.h */,
				733E73EC1307609F002957D6 /* DBPrefsWindowController.m */,
				7318321C13120D82004BC512 /* BBBouncePass */,
				731D2EDE1308845F009F3C7C /* CloudApp */,
				731D2EF61308845F009F3C7C /* IFUnicodeURL */,
				731D2F141308845F009F3C7C /* TouchJSON */,
			);
			name = Library;
			sourceTree = "<group>";
		};
		731D2EDE1308845F009F3C7C /* CloudApp */ = {
			isa = PBXGroup;
			children = (
				731D2EDF1308845F009F3C7C /* API Parsing */,
				731D2EE41308845F009F3C7C /* Categories */,
				731D2EEB1308845F009F3C7C /* CLAPIEngine.h */,
				731D2EEC1308845F009F3C7C /* CLAPIEngine.m */,
				731D2EED1308845F009F3C7C /* CLAPIEngineConstants.h */,
				731D2EEE1308845F009F3C7C /* CLAPIEngineDelegate.h */,
				731D2EEF1308845F009F3C7C /* CLAPITransaction.h */,
				731D2EF01308845F009F3C7C /* CLAPITransaction.m */,
				731D2EF11308845F009F3C7C /* Model */,
			);
			path = CloudApp;
			sourceTree = "<group>";
		};
		731D2EDF1308845F009F3C7C /* API Parsing */ = {
			isa = PBXGroup;
			children = (
				731D2EE01308845F009F3C7C /* CLAPIDeserializer.h */,
				731D2EE11308845F009F3C7C /* CLAPIDeserializer.m */,
				731D2EE21308845F009F3C7C /* CLAPISerializer.h */,
				731D2EE31308845F009F3C7C /* CLAPISerializer.m */,
			);
			path = "API Parsing";
			sourceTree = "<group>";
		};
		731D2EE41308845F009F3C7C /* Categories */ = {
			isa = PBXGroup;
			children = (
				731D2EE51308845F009F3C7C /* NSMutableURLRequest+NPPOSTBody.h */,
				731D2EE61308845F009F3C7C /* NSMutableURLRequest+NPPOSTBody.m */,
				731D2EE71308845F009F3C7C /* NSString+NPAdditions.h */,
				731D2EE81308845F009F3C7C /* NSString+NPAdditions.m */,
				731D2EE91308845F009F3C7C /* NSString+NPMimeType.h */,
				731D2EEA1308845F009F3C7C /* NSString+NPMimeType.m */,
			);
			path = Categories;
			sourceTree = "<group>";
		};
		731D2EF11308845F009F3C7C /* Model */ = {
			isa = PBXGroup;
			children = (
				731D2EF21308845F009F3C7C /* CLAccount.h */,
				731D2EF31308845F009F3C7C /* CLAccount.m */,
				731D2EF41308845F009F3C7C /* CLWebItem.h */,
				731D2EF51308845F009F3C7C /* CLWebItem.m */,
			);
			path = Model;
			sourceTree = "<group>";
		};
		731D2EF61308845F009F3C7C /* IFUnicodeURL */ = {
			isa = PBXGroup;
			children = (
				731D2EF71308845F009F3C7C /* IDNSDK */,
				731D2F121308845F009F3C7C /* NSURL+IFUnicodeURL.h */,
				731D2F131308845F009F3C7C /* NSURL+IFUnicodeURL.m */,
			);
			path = IFUnicodeURL;
			sourceTree = "<group>";
		};
		731D2EF71308845F009F3C7C /* IDNSDK */ = {
			isa = PBXGroup;
			children = (
				731D2EF81308845F009F3C7C /* adapter.h */,
				731D2EF91308845F009F3C7C /* nameprep.c */,
				731D2EFA1308845F009F3C7C /* nameprep.h */,
				731D2EFB1308845F009F3C7C /* puny.c */,
				731D2EFC1308845F009F3C7C /* puny.h */,
				731D2EFD1308845F009F3C7C /* race.c */,
				731D2EFE1308845F009F3C7C /* race.h */,
				731D2EFF1308845F009F3C7C /* staticdata */,
				731D2F0C1308845F009F3C7C /* toxxx.c */,
				731D2F0D1308845F009F3C7C /* toxxx.h */,
				731D2F0E1308845F009F3C7C /* util.c */,
				731D2F0F1308845F009F3C7C /* util.h */,
				731D2F101308845F009F3C7C /* xcode.h */,
				731D2F111308845F009F3C7C /* xcode_config.h */,
			);
			path = IDNSDK;
			sourceTree = "<group>";
		};
		731D2EFF1308845F009F3C7C /* staticdata */ = {
			isa = PBXGroup;
			children = (
				731D2F001308845F009F3C7C /* nameprep_bidi_lcat.h */,
				731D2F011308845F009F3C7C /* nameprep_bidi_randalcat.h */,
				731D2F021308845F009F3C7C /* nameprep_charmap.h */,
				731D2F031308845F009F3C7C /* nameprep_compatible.h */,
				731D2F041308845F009F3C7C /* nameprep_compose.h */,
				731D2F051308845F009F3C7C /* nameprep_cononical.h */,
				731D2F061308845F009F3C7C /* nameprep_data.h */,
				731D2F071308845F009F3C7C /* nameprep_datastructures.h */,
				731D2F081308845F009F3C7C /* nameprep_decompose.h */,
				731D2F091308845F009F3C7C /* nameprep_lookups.h */,
				731D2F0A1308845F009F3C7C /* nameprep_prohibit.h */,
				731D2F0B1308845F009F3C7C /* nameprep_prohibit_allowunassigned.h */,
			);
			path = staticdata;
			sourceTree = "<group>";
		};
		731D2F141308845F009F3C7C /* TouchJSON */ = {
			isa = PBXGroup;
			children = (
				731D2F151308845F009F3C7C /* CDataScanner.h */,
				731D2F161308845F009F3C7C /* CDataScanner.m */,
				731D2F171308845F009F3C7C /* Extensions */,
				731D2F201308845F009F3C7C /* JSON */,
			);
			path = TouchJSON;
			sourceTree = "<group>";
		};
		731D2F171308845F009F3C7C /* Extensions */ = {
			isa = PBXGroup;
			children = (
				731D2F181308845F009F3C7C /* CDataScanner_Extensions.h */,
				731D2F191308845F009F3C7C /* CDataScanner_Extensions.m */,
				731D2F1A1308845F009F3C7C /* NSCharacterSet_Extensions.h */,
				731D2F1B1308845F009F3C7C /* NSCharacterSet_Extensions.m */,
				731D2F1C1308845F009F3C7C /* NSDictionary_JSONExtensions.h */,
				731D2F1D1308845F009F3C7C /* NSDictionary_JSONExtensions.m */,
				731D2F1E1308845F009F3C7C /* NSScanner_Extensions.h */,
				731D2F1F1308845F009F3C7C /* NSScanner_Extensions.m */,
			);
			path = Extensions;
			sourceTree = "<group>";
		};
		731D2F201308845F009F3C7C /* JSON */ = {
			isa = PBXGroup;
			children = (
				731D2F211308845F009F3C7C /* CJSONDeserializer.h */,
				731D2F221308845F009F3C7C /* CJSONDeserializer.m */,
				731D2F231308845F009F3C7C /* CJSONScanner.h */,
				731D2F241308845F009F3C7C /* CJSONScanner.m */,
				731D2F251308845F009F3C7C /* CJSONSerializer.h */,
				731D2F261308845F009F3C7C /* CJSONSerializer.m */,
				731D2F271308845F009F3C7C /* JSONRepresentation.h */,
			);
			path = JSON;
			sourceTree = "<group>";
		};
		7359885D130A85D700D65573 /* Hpple */ = {
			isa = PBXGroup;
			children = (
				7359885E130A85D700D65573 /* TFHpple.h */,
				7359885F130A85D700D65573 /* TFHpple.m */,
				73598860130A85D700D65573 /* TFHppleElement.h */,
				73598861130A85D700D65573 /* TFHppleElement.m */,
				73598862130A85D700D65573 /* XPathQuery.h */,
				73598863130A85D700D65573 /* XPathQuery.m */,
			);
			path = Hpple;
			sourceTree = "<group>";
		};
		739DC8CA13052FDA00F12692 /* Images */ = {
			isa = PBXGroup;
			children = (
				73904D8313960E6E001C7727 /* text_field_long.png */,
				738559A91333314700842250 /* full_transperency.png */,
				738559AA1333314700842250 /* low_transperency.png */,
				739FD52B132B254E00351A45 /* twitter_toolbar.png */,
				734207921314F41700DAF204 /* text_area.png */,
				734207901314F38F00DAF204 /* text_field.png */,
				7323CA7C1310A1A300D73A6E /* updates_toolbar.png */,
				738FD39F13091D380064C037 /* cloud_upload.png */,
				738FD3A013091D380064C037 /* dribbble_upload.png */,
				73DAAF7A130900D800814EA2 /* court_button_alt.png */,
				73DAAF7B130900D800814EA2 /* court_button.png */,
				73DAAF7C130900D800814EA2 /* court.png */,
				731D2F4B13088521009F3C7C /* cloud_button.png */,
				731D2F4C13088521009F3C7C /* cloud_toolbar.png */,
				731D2F4D13088521009F3C7C /* dribbble_button.png */,
				731D2F4E13088521009F3C7C /* dribbble_toolbar.png */,
				731D2F4F13088521009F3C7C /* frame.png */,
				731D2F5013088521009F3C7C /* Icon.icns */,
				731D2F5113088521009F3C7C /* switch_toolbar.png */,
				7326F1421366832D00352D01 /* image_shadow.png */,
			);
			path = Images;
			sourceTree = "<group>";
		};
		73D57C1A13052E3600440072 = {
			isa = PBXGroup;
			children = (
				73D57C2F13052E3600440072 /* Source */,
				73D57C3013052E3600440072 /* Resources */,
				73D57C2813052E3600440072 /* Frameworks */,
				73D57C2613052E3600440072 /* Products */,
			);
			sourceTree = "<group>";
		};
		73D57C2613052E3600440072 /* Products */ = {
			isa = PBXGroup;
			children = (
				73D57C2513052E3600440072 /* Coaches Loupe.app */,
			);
			name = Products;
			sourceTree = "<group>";
		};
		73D57C2813052E3600440072 /* Frameworks */ = {
			isa = PBXGroup;
			children = (
				732600491312342B007A8623 /* Growl.framework */,
				7326004A1312342B007A8623 /* Sparkle.framework */,
				73C3FA801309FFB8008B661F /* libxml2.2.dylib */,
				7351073F131033D3000AAC5D /* Cocoa.framework */,
				735107451310340F000AAC5D /* CoreFoundation.framework */,
				735107471310341A000AAC5D /* Security.framework */,
				7351074913103421000AAC5D /* AppKit.framework */,
				7351074B1310342D000AAC5D /* Foundation.framework */,
			);
			path = Frameworks;
			sourceTree = "<group>";
		};
		73D57C2F13052E3600440072 /* Source */ = {
			isa = PBXGroup;
			children = (
				73D57C3B13052E3600440072 /* AppDelegate.h */,
				73D57C3C13052E3600440072 /* AppDelegate.m */,
				7367886B1308F4D10090FF67 /* AppDelegate+Court.m */,
				73F3FE2D130A83F700B0FCCC /* AppDelegate+Growl.m */,
				730448AF1307650B0044B510 /* AppDelegate+Actions.m */,
				73F6E89D139618340015476D /* AppDelegate+RecentUploads.m */,
				73284B1613054B4D0083654A /* AppDelegate+Screenshot.m */,
				733E73E013075FBF002957D6 /* AppDelegate+Dribbble.m */,
				731A2B2D130721490081A79E /* AppDelegate+CloudApp.m */,
				73BA01841314CAE900C4EBD1 /* LoupeWindow.h */,
				73BA01851314CAE900C4EBD1 /* LoupeWindow.m */,
				7300B8701307AE0300DB56D0 /* Keychain.h */,
				7300B8711307AE0300DB56D0 /* Keychain.m */,
				733E73E813076091002957D6 /* PreferencesController.h */,
				733E73E913076091002957D6 /* PreferencesController.m */,
				731A2B2F130721A50081A79E /* PassMouseViews.h */,
				731A2B30130721A50081A79E /* PassMouseViews.m */,
				73D57C3613052E3600440072 /* main.m */,
				731D2F4813088503009F3C7C /* Prefix.pch */,
				731A2ACA130721160081A79E /* Library */,
			);
			path = Source;
			sourceTree = "<group>";
		};
		73D57C3013052E3600440072 /* Resources */ = {
			isa = PBXGroup;
			children = (
				739DC8CA13052FDA00F12692 /* Images */,
				731D2F42130884CB009F3C7C /* MainMenu.xib */,
				731D2F5B13088543009F3C7C /* Preferences.xib */,
				73D57C3113052E3600440072 /* Info.plist */,
				731D2F3F1308849D009F3C7C /* InfoPlist.strings */,
				731D2F45130884F1009F3C7C /* Credits.rtf */,
				7323CA7A1310A15E00D73A6E /* dsa_pub.pem */,
				732B797E132A00CD0010F499 /* TwitterClients.plist */,
			);
			name = Resources;
			path = ../../../Dev/Projects/CoachesLoupe;
			sourceTree = "<group>";
		};
/* End PBXGroup section */

/* Begin PBXNativeTarget section */
		73D57C2413052E3600440072 /* Coaches Loupe */ = {
			isa = PBXNativeTarget;
			buildConfigurationList = 73D57C4313052E3600440072 /* Build configuration list for PBXNativeTarget "Coaches Loupe" */;
			buildPhases = (
				73D57C2113052E3600440072 /* Sources */,
				73D57C2213052E3600440072 /* Frameworks */,
				73D57C2313052E3600440072 /* Resources */,
				7300B88E130876F400DB56D0 /* Copy Frameworks */,
			);
			buildRules = (
			);
			dependencies = (
			);
			name = "Coaches Loupe";
			productName = "Coaches Loupe";
			productReference = 73D57C2513052E3600440072 /* Coaches Loupe.app */;
			productType = "com.apple.product-type.application";
		};
/* End PBXNativeTarget section */

/* Begin PBXProject section */
		73D57C1C13052E3600440072 /* Project object */ = {
			isa = PBXProject;
			attributes = {
				ORGANIZATIONNAME = "InScopeApps {+}";
			};
			buildConfigurationList = 73D57C1F13052E3600440072 /* Build configuration list for PBXProject "Coaches Loupe" */;
			compatibilityVersion = "Xcode 3.2";
			developmentRegion = English;
			hasScannedForEncodings = 0;
			knownRegions = (
				en,
			);
			mainGroup = 73D57C1A13052E3600440072;
			productRefGroup = 73D57C2613052E3600440072 /* Products */;
			projectDirPath = "";
			projectRoot = "";
			targets = (
				73D57C2413052E3600440072 /* Coaches Loupe */,
			);
		};
/* End PBXProject section */

/* Begin PBXResourcesBuildPhase section */
		73D57C2313052E3600440072 /* Resources */ = {
			isa = PBXResourcesBuildPhase;
			buildActionMask = 2147483647;
			files = (
				731D2F411308849D009F3C7C /* InfoPlist.strings in Resources */,
				731D2F44130884CB009F3C7C /* MainMenu.xib in Resources */,
				731D2F47130884F1009F3C7C /* Credits.rtf in Resources */,
				731D2F5413088521009F3C7C /* cloud_button.png in Resources */,
				731D2F5513088521009F3C7C /* cloud_toolbar.png in Resources */,
				731D2F5613088521009F3C7C /* dribbble_button.png in Resources */,
				731D2F5713088521009F3C7C /* dribbble_toolbar.png in Resources */,
				731D2F5813088521009F3C7C /* frame.png in Resources */,
				731D2F5913088521009F3C7C /* Icon.icns in Resources */,
				731D2F5A13088521009F3C7C /* switch_toolbar.png in Resources */,
				731D2F5D13088543009F3C7C /* Preferences.xib in Resources */,
				73DAAF7D130900D800814EA2 /* court_button_alt.png in Resources */,
				73DAAF7E130900D800814EA2 /* court_button.png in Resources */,
				73DAAF7F130900D800814EA2 /* court.png in Resources */,
				738FD3A113091D380064C037 /* cloud_upload.png in Resources */,
				738FD3A213091D380064C037 /* dribbble_upload.png in Resources */,
				7323CA7B1310A15E00D73A6E /* dsa_pub.pem in Resources */,
				7323CA7D1310A1A300D73A6E /* updates_toolbar.png in Resources */,
				734207911314F38F00DAF204 /* text_field.png in Resources */,
				734207931314F41700DAF204 /* text_area.png in Resources */,
				732B797F132A00CD0010F499 /* TwitterClients.plist in Resources */,
				739FD52C132B254E00351A45 /* twitter_toolbar.png in Resources */,
				738559AB1333314700842250 /* full_transperency.png in Resources */,
				738559AC1333314700842250 /* low_transperency.png in Resources */,
				7326F1431366832D00352D01 /* image_shadow.png in Resources */,
				73904D8413960E6E001C7727 /* text_field_long.png in Resources */,
			);
			runOnlyForDeploymentPostprocessing = 0;
		};
/* End PBXResourcesBuildPhase section */

/* Begin PBXSourcesBuildPhase section */
		73D57C2113052E3600440072 /* Sources */ = {
			isa = PBXSourcesBuildPhase;
			buildActionMask = 2147483647;
			files = (
				73D57C3713052E3600440072 /* main.m in Sources */,
				73D57C3D13052E3600440072 /* AppDelegate.m in Sources */,
				73284B1713054B4D0083654A /* AppDelegate+Screenshot.m in Sources */,
				731A2B2E130721490081A79E /* AppDelegate+CloudApp.m in Sources */,
				731A2B31130721A50081A79E /* PassMouseViews.m in Sources */,
				733E73E113075FBF002957D6 /* AppDelegate+Dribbble.m in Sources */,
				733E73EA13076091002957D6 /* PreferencesController.m in Sources */,
				733E73ED1307609F002957D6 /* DBPrefsWindowController.m in Sources */,
				730448B01307650B0044B510 /* AppDelegate+Actions.m in Sources */,
				730448B313076F0E0044B510 /* AGKeychain.m in Sources */,
				7300B8721307AE0300DB56D0 /* Keychain.m in Sources */,
				731D2F281308845F009F3C7C /* CLAPIDeserializer.m in Sources */,
				731D2F291308845F009F3C7C /* CLAPISerializer.m in Sources */,
				731D2F2A1308845F009F3C7C /* NSMutableURLRequest+NPPOSTBody.m in Sources */,
				731D2F2B1308845F009F3C7C /* NSString+NPAdditions.m in Sources */,
				731D2F2C1308845F009F3C7C /* NSString+NPMimeType.m in Sources */,
				731D2F2D1308845F009F3C7C /* CLAPIEngine.m in Sources */,
				731D2F2E1308845F009F3C7C /* CLAPITransaction.m in Sources */,
				731D2F2F1308845F009F3C7C /* CLAccount.m in Sources */,
				731D2F301308845F009F3C7C /* CLWebItem.m in Sources */,
				731D2F311308845F009F3C7C /* nameprep.c in Sources */,
				731D2F321308845F009F3C7C /* puny.c in Sources */,
				731D2F331308845F009F3C7C /* race.c in Sources */,
				731D2F341308845F009F3C7C /* toxxx.c in Sources */,
				731D2F351308845F009F3C7C /* util.c in Sources */,
				731D2F361308845F009F3C7C /* NSURL+IFUnicodeURL.m in Sources */,
				731D2F371308845F009F3C7C /* CDataScanner.m in Sources */,
				731D2F381308845F009F3C7C /* CDataScanner_Extensions.m in Sources */,
				731D2F391308845F009F3C7C /* NSCharacterSet_Extensions.m in Sources */,
				731D2F3A1308845F009F3C7C /* NSDictionary_JSONExtensions.m in Sources */,
				731D2F3B1308845F009F3C7C /* NSScanner_Extensions.m in Sources */,
				731D2F3C1308845F009F3C7C /* CJSONDeserializer.m in Sources */,
				731D2F3D1308845F009F3C7C /* CJSONScanner.m in Sources */,
				731D2F3E1308845F009F3C7C /* CJSONSerializer.m in Sources */,
				7367886C1308F4D10090FF67 /* AppDelegate+Court.m in Sources */,
				73F3FE2E130A83F700B0FCCC /* AppDelegate+Growl.m in Sources */,
				73598864130A85D700D65573 /* TFHpple.m in Sources */,
				73598865130A85D700D65573 /* TFHppleElement.m in Sources */,
				73598866130A85D700D65573 /* XPathQuery.m in Sources */,
				7318321F13120D82004BC512 /* BBBouncePass.m in Sources */,
				734A3FAF1312109200900D19 /* NSString+BBBP.m in Sources */,
				734A3FB21312117000900D19 /* NSMutableData+BBBP.m in Sources */,
				735BAB92131213B70057BF8B /* BBBPShot.m in Sources */,
				735BAB95131214310057BF8B /* BBBPDribbble.m in Sources */,
				73BA01861314CAE900C4EBD1 /* LoupeWindow.m in Sources */,
				73F6E89E139618340015476D /* AppDelegate+RecentUploads.m in Sources */,
			);
			runOnlyForDeploymentPostprocessing = 0;
		};
/* End PBXSourcesBuildPhase section */

/* Begin PBXVariantGroup section */
		731D2F3F1308849D009F3C7C /* InfoPlist.strings */ = {
			isa = PBXVariantGroup;
			children = (
				731D2F401308849D009F3C7C /* en */,
			);
			name = InfoPlist.strings;
			sourceTree = "<group>";
		};
		731D2F42130884CB009F3C7C /* MainMenu.xib */ = {
			isa = PBXVariantGroup;
			children = (
				731D2F43130884CB009F3C7C /* en */,
			);
			name = MainMenu.xib;
			sourceTree = "<group>";
		};
		731D2F45130884F1009F3C7C /* Credits.rtf */ = {
			isa = PBXVariantGroup;
			children = (
				731D2F46130884F1009F3C7C /* en */,
			);
			name = Credits.rtf;
			sourceTree = "<group>";
		};
		731D2F5B13088543009F3C7C /* Preferences.xib */ = {
			isa = PBXVariantGroup;
			children = (
				731D2F5C13088543009F3C7C /* en */,
			);
			name = Preferences.xib;
			sourceTree = "<group>";
		};
/* End PBXVariantGroup section */

/* Begin XCBuildConfiguration section */
		73D57C4113052E3600440072 /* Debug */ = {
			isa = XCBuildConfiguration;
			buildSettings = {
				ARCHS = "$(ARCHS_STANDARD_32_64_BIT)";
				GCC_C_LANGUAGE_STANDARD = gnu99;
				GCC_OPTIMIZATION_LEVEL = 0;
				GCC_PREPROCESSOR_DEFINITIONS = DEBUG;
				GCC_VERSION = com.apple.compilers.llvm.clang.1_0;
				GCC_WARN_64_TO_32_BIT_CONVERSION = YES;
				GCC_WARN_ABOUT_RETURN_TYPE = YES;
				GCC_WARN_UNUSED_VARIABLE = YES;
				MACOSX_DEPLOYMENT_TARGET = 10.6;
				ONLY_ACTIVE_ARCH = YES;
			};
			name = Debug;
		};
		73D57C4213052E3600440072 /* Release */ = {
			isa = XCBuildConfiguration;
			buildSettings = {
				ARCHS = "$(ARCHS_STANDARD_32_64_BIT)";
				GCC_C_LANGUAGE_STANDARD = gnu99;
				GCC_VERSION = com.apple.compilers.llvm.clang.1_0;
				GCC_WARN_64_TO_32_BIT_CONVERSION = YES;
				GCC_WARN_ABOUT_RETURN_TYPE = YES;
				GCC_WARN_UNUSED_VARIABLE = YES;
				MACOSX_DEPLOYMENT_TARGET = 10.6;
			};
			name = Release;
		};
		73D57C4413052E3600440072 /* Debug */ = {
			isa = XCBuildConfiguration;
			buildSettings = {
				ALWAYS_SEARCH_USER_PATHS = NO;
				COPY_PHASE_STRIP = NO;
				FRAMEWORK_SEARCH_PATHS = (
					"$(inherited)",
					"\"$(SRCROOT)/Frameworks\"",
				);
				GCC_DYNAMIC_NO_PIC = NO;
				GCC_ENABLE_OBJC_EXCEPTIONS = YES;
				GCC_PRECOMPILE_PREFIX_HEADER = YES;
				GCC_PREFIX_HEADER = Source/Prefix.pch;
				GCC_TREAT_WARNINGS_AS_ERRORS = NO;
				GCC_WARN_64_TO_32_BIT_CONVERSION = NO;
				GCC_WARN_ABOUT_MISSING_FIELD_INITIALIZERS = YES;
				GCC_WARN_ABOUT_MISSING_NEWLINE = YES;
				GCC_WARN_INITIALIZER_NOT_FULLY_BRACKETED = YES;
				GCC_WARN_SHADOW = YES;
				GCC_WARN_SIGN_COMPARE = NO;
				GCC_WARN_UNDECLARED_SELECTOR = YES;
				GCC_WARN_UNUSED_FUNCTION = YES;
				GCC_WARN_UNUSED_LABEL = YES;
				HEADER_SEARCH_PATHS = "$(SDKROOT)/usr/include/libxml2";
				INFOPLIST_FILE = Info.plist;
				PRODUCT_NAME = "$(TARGET_NAME)";
				RUN_CLANG_STATIC_ANALYZER = YES;
				WRAPPER_EXTENSION = app;
			};
			name = Debug;
		};
		73D57C4513052E3600440072 /* Release */ = {
			isa = XCBuildConfiguration;
			buildSettings = {
				ALWAYS_SEARCH_USER_PATHS = NO;
				COPY_PHASE_STRIP = YES;
				DEBUG_INFORMATION_FORMAT = "dwarf-with-dsym";
				FRAMEWORK_SEARCH_PATHS = (
					"$(inherited)",
					"\"$(SRCROOT)/Frameworks\"",
				);
				GCC_ENABLE_OBJC_EXCEPTIONS = YES;
				GCC_PRECOMPILE_PREFIX_HEADER = YES;
				GCC_PREFIX_HEADER = Source/Prefix.pch;
				GCC_TREAT_WARNINGS_AS_ERRORS = NO;
				GCC_WARN_64_TO_32_BIT_CONVERSION = NO;
				GCC_WARN_ABOUT_MISSING_FIELD_INITIALIZERS = YES;
				GCC_WARN_ABOUT_MISSING_NEWLINE = YES;
				GCC_WARN_INITIALIZER_NOT_FULLY_BRACKETED = YES;
				GCC_WARN_SHADOW = YES;
				GCC_WARN_SIGN_COMPARE = NO;
				GCC_WARN_UNDECLARED_SELECTOR = YES;
				GCC_WARN_UNUSED_FUNCTION = YES;
				GCC_WARN_UNUSED_LABEL = YES;
				HEADER_SEARCH_PATHS = "$(SDKROOT)/usr/include/libxml2";
				INFOPLIST_FILE = Info.plist;
				PRODUCT_NAME = "$(TARGET_NAME)";
				RUN_CLANG_STATIC_ANALYZER = YES;
				WRAPPER_EXTENSION = app;
			};
			name = Release;
		};
/* End XCBuildConfiguration section */

/* Begin XCConfigurationList section */
		73D57C1F13052E3600440072 /* Build configuration list for PBXProject "Coaches Loupe" */ = {
			isa = XCConfigurationList;
			buildConfigurations = (
				73D57C4113052E3600440072 /* Debug */,
				73D57C4213052E3600440072 /* Release */,
			);
			defaultConfigurationIsVisible = 0;
			defaultConfigurationName = Release;
		};
		73D57C4313052E3600440072 /* Build configuration list for PBXNativeTarget "Coaches Loupe" */ = {
			isa = XCConfigurationList;
			buildConfigurations = (
				73D57C4413052E3600440072 /* Debug */,
				73D57C4513052E3600440072 /* Release */,
			);
			defaultConfigurationIsVisible = 0;
			defaultConfigurationName = Release;
		};
/* End XCConfigurationList section */
	};
	rootObject = 73D57C1C13052E3600440072 /* Project object */;
}
